PODS:
  - Eureka (4.0.1)
  - Realm (3.0.1):
    - Realm/Headers (= 3.0.1)
  - Realm/Headers (3.0.1)
  - RealmSwift (3.0.1):
    - Realm (= 3.0.1)

DEPENDENCIES:
  - Eureka
  - RealmSwift

SPEC CHECKSUMS:
  Eureka: c8bd5cc07143b6f66268c208d28a246c99b41955
  Realm: ba6144c74f835f7497791f6599d63a7755377b83
  RealmSwift: 7d13b1ac4b6022a13f841e3143e7789c9e40ad0d

PODFILE CHECKSUM: 0c28aa9b7f82a398ace264a4820fe3385eab3381

COCOAPODS: 1.3.1
