PODS:
  - GradientCircularProgress (3.6.0)

DEPENDENCIES:
  - GradientCircularProgress (from `https://github.com/keygx/GradientCircularProgress`)

EXTERNAL SOURCES:
  GradientCircularProgress:
    :git: https://github.com/keygx/GradientCircularProgress

CHECKOUT OPTIONS:
  GradientCircularProgress:
    :commit: c90cb4044637127b0d66aab4a7bab9178684d79e
    :git: https://github.com/keygx/GradientCircularProgress

SPEC CHECKSUMS:
  GradientCircularProgress: 259d46ec93c2a3fe629199bbbdba98004afc8963

PODFILE CHECKSUM: a0b4c563b63e3065e5b4144b5debe19d89d3aa48

COCOAPODS: 1.2.0
