// !$*UTF8*$!
{
	archiveVersion = 1;
	classes = {
	};
	objectVersion = 46;
	objects = {

/* Begin PBXBuildFile section */
		2587D46B14EC0A6400B41430 /* Default~iphone.png in Resources */ = {isa = PBXBuildFile; fileRef = 2587D46A14EC0A6400B41430 /* Default~iphone.png */; };
		25FA7E1314D9B92A001598C6 /* UIKit.framework in Frameworks */ = {isa = PBXBuildFile; fileRef = 25FA7E1214D9B92A001598C6 /* UIKit.framework */; };
		25FA7E1514D9B92A001598C6 /* Foundation.framework in Frameworks */ = {isa = PBXBuildFile; fileRef = 25FA7E1414D9B92A001598C6 /* Foundation.framework */; };
		25FA7E1714D9B92A001598C6 /* CoreGraphics.framework in Frameworks */ = {isa = PBXBuildFile; fileRef = 25FA7E1614D9B92A001598C6 /* CoreGraphics.framework */; };
		25FA7E1D14D9B92A001598C6 /* InfoPlist.strings in Resources */ = {isa = PBXBuildFile; fileRef = 25FA7E1B14D9B92A001598C6 /* InfoPlist.strings */; };
		25FA7E1F14D9B92A001598C6 /* main.m in Sources */ = {isa = PBXBuildFile; fileRef = 25FA7E1E14D9B92A001598C6 /* main.m */; };
		25FA7E2314D9B92A001598C6 /* TETAppDelegate.m in Sources */ = {isa = PBXBuildFile; fileRef = 25FA7E2214D9B92A001598C6 /* TETAppDelegate.m */; };
		25FA7E2614D9B92A001598C6 /* TETViewController.m in Sources */ = {isa = PBXBuildFile; fileRef = 25FA7E2514D9B92A001598C6 /* TETViewController.m */; };
		25FA7E2914D9B92A001598C6 /* TETViewController_iPhone.xib in Resources */ = {isa = PBXBuildFile; fileRef = 25FA7E2714D9B92A001598C6 /* TETViewController_iPhone.xib */; };
		25FA7EEF14D9C686001598C6 /* TETDetailViewController.m in Sources */ = {isa = PBXBuildFile; fileRef = 25FA7EED14D9C686001598C6 /* TETDetailViewController.m */; };
		25FA7EF014D9C686001598C6 /* TETDetailViewController.xib in Resources */ = {isa = PBXBuildFile; fileRef = 25FA7EEE14D9C686001598C6 /* TETDetailViewController.xib */; };
		25FA7EF414D9F258001598C6 /* TETExtractorViewController.m in Sources */ = {isa = PBXBuildFile; fileRef = 25FA7EF214D9F258001598C6 /* TETExtractorViewController.m */; };
		25FA7EF514D9F258001598C6 /* TETExtractorViewController.xib in Resources */ = {isa = PBXBuildFile; fileRef = 25FA7EF314D9F258001598C6 /* TETExtractorViewController.xib */; };
		25FA7EFF14D9F6E7001598C6 /* TETImageResourceTableViewController.m in Sources */ = {isa = PBXBuildFile; fileRef = 25FA7EFD14D9F6E7001598C6 /* TETImageResourceTableViewController.m */; };
		25FA7F0014D9F6E7001598C6 /* TETImageResourceTableViewController.xib in Resources */ = {isa = PBXBuildFile; fileRef = 25FA7EFE14D9F6E7001598C6 /* TETImageResourceTableViewController.xib */; };
		25FA7F0614DA03EB001598C6 /* Icon@2x.png in Resources */ = {isa = PBXBuildFile; fileRef = 25FA7F0114DA03EB001598C6 /* Icon@2x.png */; };
		25FA7F0714DA03EB001598C6 /* Icon.png in Resources */ = {isa = PBXBuildFile; fileRef = 25FA7F0214DA03EB001598C6 /* Icon.png */; };
		25FA7F0A14DA03EB001598C6 /* Default.png in Resources */ = {isa = PBXBuildFile; fileRef = 25FA7F0514DA03EB001598C6 /* Default.png */; };
		25FA7F0E14DB0E03001598C6 /* TETGlyphInfoViewController.m in Sources */ = {isa = PBXBuildFile; fileRef = 25FA7F0C14DB0E02001598C6 /* TETGlyphInfoViewController.m */; };
		25FA7F0F14DB0E03001598C6 /* TETGlyphInfoViewController.xib in Resources */ = {isa = PBXBuildFile; fileRef = 25FA7F0D14DB0E03001598C6 /* TETGlyphInfoViewController.xib */; };
		25FA7F1314DB26BF001598C6 /* TETDumperViewController.m in Sources */ = {isa = PBXBuildFile; fileRef = 25FA7F1114DB26BE001598C6 /* TETDumperViewController.m */; };
		25FA7F1414DB26BF001598C6 /* TETDumperViewController.xib in Resources */ = {isa = PBXBuildFile; fileRef = 25FA7F1214DB26BE001598C6 /* TETDumperViewController.xib */; };
		37F75CBC1C3F1BD80075F9FD /* libstdc++.6.0.9.tbd in Frameworks */ = {isa = PBXBuildFile; fileRef = 37F75CBB1C3F1BD80075F9FD /* libstdc++.6.0.9.tbd */; };
		780461C71BC7EB9400D77AB3 /* Adobe-CNS1-6 in Resources */ = {isa = PBXBuildFile; fileRef = 780461C31BC7EB9400D77AB3 /* Adobe-CNS1-6 */; };
		780461C81BC7EB9400D77AB3 /* Adobe-GB1-5 in Resources */ = {isa = PBXBuildFile; fileRef = 780461C41BC7EB9400D77AB3 /* Adobe-GB1-5 */; };
		780461C91BC7EB9400D77AB3 /* Adobe-Japan1-6 in Resources */ = {isa = PBXBuildFile; fileRef = 780461C51BC7EB9400D77AB3 /* Adobe-Japan1-6 */; };
		780461CA1BC7EB9400D77AB3 /* KSCpc-EUC-V in Resources */ = {isa = PBXBuildFile; fileRef = 780461C61BC7EB9400D77AB3 /* KSCpc-EUC-V */; };
		781747351BCCFD40004AE223 /* Default-568h@2x.png in Resources */ = {isa = PBXBuildFile; fileRef = 781747341BCCFD40004AE223 /* Default-568h@2x.png */; };
		7855B7FC14F064C200DEA809 /* TET_ios.framework in Frameworks */ = {isa = PBXBuildFile; fileRef = 7855B7FB14F064C200DEA809 /* TET_ios.framework */; };
		7855B80214F064EA00DEA809 /* TET-datasheet.pdf in Resources */ = {isa = PBXBuildFile; fileRef = 7855B7FE14F064EA00DEA809 /* TET-datasheet.pdf */; };
		7855BA6A14F066A000DEA809 /* 83pv-RKSJ-H in Resources */ = {isa = PBXBuildFile; fileRef = 7855BA1414F066A000DEA809 /* 83pv-RKSJ-H */; };
		7855BA6B14F066A000DEA809 /* 90ms-RKSJ-H in Resources */ = {isa = PBXBuildFile; fileRef = 7855BA1514F066A000DEA809 /* 90ms-RKSJ-H */; };
		7855BA6C14F066A000DEA809 /* 90ms-RKSJ-UCS2 in Resources */ = {isa = PBXBuildFile; fileRef = 7855BA1614F066A000DEA809 /* 90ms-RKSJ-UCS2 */; };
		7855BA6D14F066A000DEA809 /* 90ms-RKSJ-V in Resources */ = {isa = PBXBuildFile; fileRef = 7855BA1714F066A000DEA809 /* 90ms-RKSJ-V */; };
		7855BA6E14F066A000DEA809 /* 90msp-RKSJ-H in Resources */ = {isa = PBXBuildFile; fileRef = 7855BA1814F066A000DEA809 /* 90msp-RKSJ-H */; };
		7855BA6F14F066A000DEA809 /* 90msp-RKSJ-V in Resources */ = {isa = PBXBuildFile; fileRef = 7855BA1914F066A000DEA809 /* 90msp-RKSJ-V */; };
		7855BA7014F066A000DEA809 /* 90pv-RKSJ-H in Resources */ = {isa = PBXBuildFile; fileRef = 7855BA1A14F066A000DEA809 /* 90pv-RKSJ-H */; };
		7855BA7114F066A000DEA809 /* 90pv-RKSJ-UCS2 in Resources */ = {isa = PBXBuildFile; fileRef = 7855BA1B14F066A000DEA809 /* 90pv-RKSJ-UCS2 */; };
		7855BA7214F066A000DEA809 /* 90pv-RKSJ-UCS2C in Resources */ = {isa = PBXBuildFile; fileRef = 7855BA1C14F066A000DEA809 /* 90pv-RKSJ-UCS2C */; };
		7855BA7314F066A000DEA809 /* Add-RKSJ-H in Resources */ = {isa = PBXBuildFile; fileRef = 7855BA1D14F066A000DEA809 /* Add-RKSJ-H */; };
		7855BA7414F066A000DEA809 /* Add-RKSJ-V in Resources */ = {isa = PBXBuildFile; fileRef = 7855BA1E14F066A000DEA809 /* Add-RKSJ-V */; };
		7855BA7614F066A000DEA809 /* Adobe-CNS1-UCS2 in Resources */ = {isa = PBXBuildFile; fileRef = 7855BA2014F066A000DEA809 /* Adobe-CNS1-UCS2 */; };
		7855BA7814F066A000DEA809 /* Adobe-GB1-UCS2 in Resources */ = {isa = PBXBuildFile; fileRef = 7855BA2214F066A000DEA809 /* Adobe-GB1-UCS2 */; };
		7855BA7A14F066A000DEA809 /* Adobe-Japan1-UCS2 in Resources */ = {isa = PBXBuildFile; fileRef = 7855BA2414F066A000DEA809 /* Adobe-Japan1-UCS2 */; };
		7855BA7B14F066A000DEA809 /* Adobe-Korea1-2 in Resources */ = {isa = PBXBuildFile; fileRef = 7855BA2514F066A000DEA809 /* Adobe-Korea1-2 */; };
		7855BA7C14F066A000DEA809 /* Adobe-Korea1-UCS2 in Resources */ = {isa = PBXBuildFile; fileRef = 7855BA2614F066A000DEA809 /* Adobe-Korea1-UCS2 */; };
		7855BA7D14F066A000DEA809 /* B5pc-H in Resources */ = {isa = PBXBuildFile; fileRef = 7855BA2714F066A000DEA809 /* B5pc-H */; };
		7855BA7E14F066A000DEA809 /* B5pc-UCS2 in Resources */ = {isa = PBXBuildFile; fileRef = 7855BA2814F066A000DEA809 /* B5pc-UCS2 */; };
		7855BA7F14F066A000DEA809 /* B5pc-UCS2C in Resources */ = {isa = PBXBuildFile; fileRef = 7855BA2914F066A000DEA809 /* B5pc-UCS2C */; };
		7855BA8014F066A000DEA809 /* B5pc-V in Resources */ = {isa = PBXBuildFile; fileRef = 7855BA2A14F066A000DEA809 /* B5pc-V */; };
		7855BA8114F066A000DEA809 /* CNS-EUC-H in Resources */ = {isa = PBXBuildFile; fileRef = 7855BA2B14F066A000DEA809 /* CNS-EUC-H */; };
		7855BA8214F066A000DEA809 /* CNS-EUC-V in Resources */ = {isa = PBXBuildFile; fileRef = 7855BA2C14F066A000DEA809 /* CNS-EUC-V */; };
		7855BA8314F066A000DEA809 /* cp932.txt in Resources */ = {isa = PBXBuildFile; fileRef = 7855BA2D14F066A000DEA809 /* cp932.txt */; };
		7855BA8414F066A000DEA809 /* cp936.txt in Resources */ = {isa = PBXBuildFile; fileRef = 7855BA2E14F066A000DEA809 /* cp936.txt */; };
		7855BA8514F066A000DEA809 /* cp949.txt in Resources */ = {isa = PBXBuildFile; fileRef = 7855BA2F14F066A000DEA809 /* cp949.txt */; };
		7855BA8614F066A000DEA809 /* cp950.txt in Resources */ = {isa = PBXBuildFile; fileRef = 7855BA3014F066A000DEA809 /* cp950.txt */; };
		7855BA8714F066A000DEA809 /* ETen-B5-H in Resources */ = {isa = PBXBuildFile; fileRef = 7855BA3114F066A000DEA809 /* ETen-B5-H */; };
		7855BA8814F066A000DEA809 /* ETen-B5-UCS2 in Resources */ = {isa = PBXBuildFile; fileRef = 7855BA3214F066A000DEA809 /* ETen-B5-UCS2 */; };
		7855BA8914F066A000DEA809 /* ETen-B5-V in Resources */ = {isa = PBXBuildFile; fileRef = 7855BA3314F066A000DEA809 /* ETen-B5-V */; };
		7855BA8A14F066A000DEA809 /* ETenms-B5-H in Resources */ = {isa = PBXBuildFile; fileRef = 7855BA3414F066A000DEA809 /* ETenms-B5-H */; };
		7855BA8B14F066A000DEA809 /* ETenms-B5-V in Resources */ = {isa = PBXBuildFile; fileRef = 7855BA3514F066A000DEA809 /* ETenms-B5-V */; };
		7855BA8C14F066A000DEA809 /* EUC-H in Resources */ = {isa = PBXBuildFile; fileRef = 7855BA3614F066A000DEA809 /* EUC-H */; };
		7855BA8D14F066A000DEA809 /* EUC-V in Resources */ = {isa = PBXBuildFile; fileRef = 7855BA3714F066A000DEA809 /* EUC-V */; };
		7855BA8E14F066A000DEA809 /* Ext-RKSJ-H in Resources */ = {isa = PBXBuildFile; fileRef = 7855BA3814F066A000DEA809 /* Ext-RKSJ-H */; };
		7855BA8F14F066A000DEA809 /* Ext-RKSJ-V in Resources */ = {isa = PBXBuildFile; fileRef = 7855BA3914F066A000DEA809 /* Ext-RKSJ-V */; };
		7855BA9014F066A000DEA809 /* GB-EUC-H in Resources */ = {isa = PBXBuildFile; fileRef = 7855BA3A14F066A000DEA809 /* GB-EUC-H */; };
		7855BA9114F066A000DEA809 /* GB-EUC-V in Resources */ = {isa = PBXBuildFile; fileRef = 7855BA3B14F066A000DEA809 /* GB-EUC-V */; };
		7855BA9214F066A000DEA809 /* GBK-EUC-H in Resources */ = {isa = PBXBuildFile; fileRef = 7855BA3C14F066A000DEA809 /* GBK-EUC-H */; };
		7855BA9314F066A000DEA809 /* GBK-EUC-UCS2 in Resources */ = {isa = PBXBuildFile; fileRef = 7855BA3D14F066A000DEA809 /* GBK-EUC-UCS2 */; };
		7855BA9414F066A000DEA809 /* GBK-EUC-V in Resources */ = {isa = PBXBuildFile; fileRef = 7855BA3E14F066A000DEA809 /* GBK-EUC-V */; };
		7855BA9514F066A000DEA809 /* GBK2K-H in Resources */ = {isa = PBXBuildFile; fileRef = 7855BA3F14F066A000DEA809 /* GBK2K-H */; };
		7855BA9614F066A000DEA809 /* GBK2K-V in Resources */ = {isa = PBXBuildFile; fileRef = 7855BA4014F066A000DEA809 /* GBK2K-V */; };
		7855BA9714F066A000DEA809 /* GBKp-EUC-H in Resources */ = {isa = PBXBuildFile; fileRef = 7855BA4114F066A000DEA809 /* GBKp-EUC-H */; };
		7855BA9814F066A000DEA809 /* GBKp-EUC-V in Resources */ = {isa = PBXBuildFile; fileRef = 7855BA4214F066A000DEA809 /* GBKp-EUC-V */; };
		7855BA9914F066A000DEA809 /* GBpc-EUC-H in Resources */ = {isa = PBXBuildFile; fileRef = 7855BA4314F066A000DEA809 /* GBpc-EUC-H */; };
		7855BA9A14F066A000DEA809 /* GBpc-EUC-UCS2 in Resources */ = {isa = PBXBuildFile; fileRef = 7855BA4414F066A000DEA809 /* GBpc-EUC-UCS2 */; };
		7855BA9B14F066A000DEA809 /* GBpc-EUC-UCS2C in Resources */ = {isa = PBXBuildFile; fileRef = 7855BA4514F066A000DEA809 /* GBpc-EUC-UCS2C */; };
		7855BA9C14F066A000DEA809 /* GBpc-EUC-V in Resources */ = {isa = PBXBuildFile; fileRef = 7855BA4614F066A000DEA809 /* GBpc-EUC-V */; };
		7855BA9D14F066A000DEA809 /* GBT-EUC-H in Resources */ = {isa = PBXBuildFile; fileRef = 7855BA4714F066A000DEA809 /* GBT-EUC-H */; };
		7855BA9E14F066A000DEA809 /* GBT-EUC-V in Resources */ = {isa = PBXBuildFile; fileRef = 7855BA4814F066A000DEA809 /* GBT-EUC-V */; };
		7855BA9F14F066A000DEA809 /* H in Resources */ = {isa = PBXBuildFile; fileRef = 7855BA4914F066A000DEA809 /* H */; };
		7855BAA014F066A000DEA809 /* HKscs-B5-H in Resources */ = {isa = PBXBuildFile; fileRef = 7855BA4A14F066A000DEA809 /* HKscs-B5-H */; };
		7855BAA114F066A000DEA809 /* HKscs-B5-V in Resources */ = {isa = PBXBuildFile; fileRef = 7855BA4B14F066A000DEA809 /* HKscs-B5-V */; };
		7855BAA314F066A000DEA809 /* KSC-EUC-H in Resources */ = {isa = PBXBuildFile; fileRef = 7855BA4D14F066A000DEA809 /* KSC-EUC-H */; };
		7855BAA414F066A000DEA809 /* KSC-EUC-V in Resources */ = {isa = PBXBuildFile; fileRef = 7855BA4E14F066A000DEA809 /* KSC-EUC-V */; };
		7855BAA514F066A000DEA809 /* KSCms-UHC-H in Resources */ = {isa = PBXBuildFile; fileRef = 7855BA4F14F066A000DEA809 /* KSCms-UHC-H */; };
		7855BAA614F066A000DEA809 /* KSCms-UHC-HW-H in Resources */ = {isa = PBXBuildFile; fileRef = 7855BA5014F066A000DEA809 /* KSCms-UHC-HW-H */; };
		7855BAA714F066A000DEA809 /* KSCms-UHC-HW-V in Resources */ = {isa = PBXBuildFile; fileRef = 7855BA5114F066A000DEA809 /* KSCms-UHC-HW-V */; };
		7855BAA814F066A000DEA809 /* KSCms-UHC-UCS2 in Resources */ = {isa = PBXBuildFile; fileRef = 7855BA5214F066A000DEA809 /* KSCms-UHC-UCS2 */; };
		7855BAA914F066A000DEA809 /* KSCms-UHC-V in Resources */ = {isa = PBXBuildFile; fileRef = 7855BA5314F066A000DEA809 /* KSCms-UHC-V */; };
		7855BAAA14F066A000DEA809 /* KSCpc-EUC-H in Resources */ = {isa = PBXBuildFile; fileRef = 7855BA5414F066A000DEA809 /* KSCpc-EUC-H */; };
		7855BAAB14F066A000DEA809 /* KSCpc-EUC-UCS2 in Resources */ = {isa = PBXBuildFile; fileRef = 7855BA5514F066A000DEA809 /* KSCpc-EUC-UCS2 */; };
		7855BAAC14F066A000DEA809 /* KSCpc-EUC-UCS2C in Resources */ = {isa = PBXBuildFile; fileRef = 7855BA5614F066A000DEA809 /* KSCpc-EUC-UCS2C */; };
		7855BAAD14F066A000DEA809 /* UniCNS-UCS2-H in Resources */ = {isa = PBXBuildFile; fileRef = 7855BA5714F066A000DEA809 /* UniCNS-UCS2-H */; };
		7855BAAE14F066A000DEA809 /* UniCNS-UCS2-V in Resources */ = {isa = PBXBuildFile; fileRef = 7855BA5814F066A000DEA809 /* UniCNS-UCS2-V */; };
		7855BAAF14F066A000DEA809 /* UniCNS-UTF16-H in Resources */ = {isa = PBXBuildFile; fileRef = 7855BA5914F066A000DEA809 /* UniCNS-UTF16-H */; };
		7855BAB014F066A000DEA809 /* UniCNS-UTF16-V in Resources */ = {isa = PBXBuildFile; fileRef = 7855BA5A14F066A000DEA809 /* UniCNS-UTF16-V */; };
		7855BAB114F066A000DEA809 /* UniGB-UCS2-H in Resources */ = {isa = PBXBuildFile; fileRef = 7855BA5B14F066A000DEA809 /* UniGB-UCS2-H */; };
		7855BAB214F066A000DEA809 /* UniGB-UCS2-V in Resources */ = {isa = PBXBuildFile; fileRef = 7855BA5C14F066A000DEA809 /* UniGB-UCS2-V */; };
		7855BAB314F066A000DEA809 /* UniGB-UTF16-H in Resources */ = {isa = PBXBuildFile; fileRef = 7855BA5D14F066A000DEA809 /* UniGB-UTF16-H */; };
		7855BAB414F066A000DEA809 /* UniGB-UTF16-V in Resources */ = {isa = PBXBuildFile; fileRef = 7855BA5E14F066A000DEA809 /* UniGB-UTF16-V */; };
		7855BAB514F066A000DEA809 /* UniJIS-UCS2-H in Resources */ = {isa = PBXBuildFile; fileRef = 7855BA5F14F066A000DEA809 /* UniJIS-UCS2-H */; };
		7855BAB614F066A000DEA809 /* UniJIS-UCS2-HW-H in Resources */ = {isa = PBXBuildFile; fileRef = 7855BA6014F066A000DEA809 /* UniJIS-UCS2-HW-H */; };
		7855BAB714F066A000DEA809 /* UniJIS-UCS2-HW-V in Resources */ = {isa = PBXBuildFile; fileRef = 7855BA6114F066A000DEA809 /* UniJIS-UCS2-HW-V */; };
		7855BAB814F066A000DEA809 /* UniJIS-UCS2-V in Resources */ = {isa = PBXBuildFile; fileRef = 7855BA6214F066A000DEA809 /* UniJIS-UCS2-V */; };
		7855BAB914F066A000DEA809 /* UniJIS-UTF16-H in Resources */ = {isa = PBXBuildFile; fileRef = 7855BA6314F066A000DEA809 /* UniJIS-UTF16-H */; };
		7855BABA14F066A000DEA809 /* UniJIS-UTF16-V in Resources */ = {isa = PBXBuildFile; fileRef = 7855BA6414F066A000DEA809 /* UniJIS-UTF16-V */; };
		7855BABB14F066A000DEA809 /* UniKS-UCS2-H in Resources */ = {isa = PBXBuildFile; fileRef = 7855BA6514F066A000DEA809 /* UniKS-UCS2-H */; };
		7855BABC14F066A000DEA809 /* UniKS-UCS2-V in Resources */ = {isa = PBXBuildFile; fileRef = 7855BA6614F066A000DEA809 /* UniKS-UCS2-V */; };
		7855BABD14F066A000DEA809 /* UniKS-UTF16-H in Resources */ = {isa = PBXBuildFile; fileRef = 7855BA6714F066A000DEA809 /* UniKS-UTF16-H */; };
		7855BABE14F066A000DEA809 /* UniKS-UTF16-V in Resources */ = {isa = PBXBuildFile; fileRef = 7855BA6814F066A000DEA809 /* UniKS-UTF16-V */; };
		7855BABF14F066A000DEA809 /* V in Resources */ = {isa = PBXBuildFile; fileRef = 7855BA6914F066A000DEA809 /* V */; };
		78A61D931847710100D3614C /* Icon@2x2.png in Resources */ = {isa = PBXBuildFile; fileRef = 78A61D921847710100D3614C /* Icon@2x2.png */; };
		78B30D261754B05C0079E5AC /* PDFlib-datasheet.pdf in Resources */ = {isa = PBXBuildFile; fileRef = 78B30D231754B05C0079E5AC /* PDFlib-datasheet.pdf */; };
		78B30D271754B05C0079E5AC /* Whitepaper-Technical-Introduction-to-PDFA.pdf in Resources */ = {isa = PBXBuildFile; fileRef = 78B30D241754B05C0079E5AC /* Whitepaper-Technical-Introduction-to-PDFA.pdf */; };
		78B30D281754B05C0079E5AC /* Whitepaper-XMP-metadata-in-PDFlib-products.pdf in Resources */ = {isa = PBXBuildFile; fileRef = 78B30D251754B05C0079E5AC /* Whitepaper-XMP-metadata-in-PDFlib-products.pdf */; };
/* End PBXBuildFile section */

/* Begin PBXFileReference section */
		2587D46A14EC0A6400B41430 /* Default~iphone.png */ = {isa = PBXFileReference; lastKnownFileType = image.png; path = "Default~iphone.png"; sourceTree = "<group>"; };
		25FA7E0E14D9B92A001598C6 /* TET.app */ = {isa = PBXFileReference; explicitFileType = wrapper.application; includeInIndex = 0; path = TET.app; sourceTree = BUILT_PRODUCTS_DIR; };
		25FA7E1214D9B92A001598C6 /* UIKit.framework */ = {isa = PBXFileReference; lastKnownFileType = wrapper.framework; name = UIKit.framework; path = System/Library/Frameworks/UIKit.framework; sourceTree = SDKROOT; };
		25FA7E1414D9B92A001598C6 /* Foundation.framework */ = {isa = PBXFileReference; lastKnownFileType = wrapper.framework; name = Foundation.framework; path = System/Library/Frameworks/Foundation.framework; sourceTree = SDKROOT; };
		25FA7E1614D9B92A001598C6 /* CoreGraphics.framework */ = {isa = PBXFileReference; lastKnownFileType = wrapper.framework; name = CoreGraphics.framework; path = System/Library/Frameworks/CoreGraphics.framework; sourceTree = SDKROOT; };
		25FA7E1A14D9B92A001598C6 /* TET-Info.plist */ = {isa = PBXFileReference; lastKnownFileType = text.plist.xml; path = "TET-Info.plist"; sourceTree = "<group>"; };
		25FA7E1C14D9B92A001598C6 /* en */ = {isa = PBXFileReference; lastKnownFileType = text.plist.strings; name = en; path = en.lproj/InfoPlist.strings; sourceTree = "<group>"; };
		25FA7E1E14D9B92A001598C6 /* main.m */ = {isa = PBXFileReference; lastKnownFileType = sourcecode.c.objc; path = main.m; sourceTree = "<group>"; };
		25FA7E2014D9B92A001598C6 /* TET-Prefix.pch */ = {isa = PBXFileReference; lastKnownFileType = sourcecode.c.h; path = "TET-Prefix.pch"; sourceTree = "<group>"; };
		25FA7E2114D9B92A001598C6 /* TETAppDelegate.h */ = {isa = PBXFileReference; lastKnownFileType = sourcecode.c.h; path = TETAppDelegate.h; sourceTree = "<group>"; };
		25FA7E2214D9B92A001598C6 /* TETAppDelegate.m */ = {isa = PBXFileReference; lastKnownFileType = sourcecode.c.objc; path = TETAppDelegate.m; sourceTree = "<group>"; };
		25FA7E2414D9B92A001598C6 /* TETViewController.h */ = {isa = PBXFileReference; lastKnownFileType = sourcecode.c.h; path = TETViewController.h; sourceTree = "<group>"; };
		25FA7E2514D9B92A001598C6 /* TETViewController.m */ = {isa = PBXFileReference; lastKnownFileType = sourcecode.c.objc; path = TETViewController.m; sourceTree = "<group>"; };
		25FA7E2814D9B92A001598C6 /* en */ = {isa = PBXFileReference; lastKnownFileType = file.xib; name = en; path = en.lproj/TETViewController_iPhone.xib; sourceTree = "<group>"; };
		25FA7EEC14D9C686001598C6 /* TETDetailViewController.h */ = {isa = PBXFileReference; fileEncoding = 4; lastKnownFileType = sourcecode.c.h; path = TETDetailViewController.h; sourceTree = "<group>"; };
		25FA7EED14D9C686001598C6 /* TETDetailViewController.m */ = {isa = PBXFileReference; fileEncoding = 4; lastKnownFileType = sourcecode.c.objc; path = TETDetailViewController.m; sourceTree = "<group>"; };
		25FA7EEE14D9C686001598C6 /* TETDetailViewController.xib */ = {isa = PBXFileReference; fileEncoding = 4; lastKnownFileType = file.xib; path = TETDetailViewController.xib; sourceTree = "<group>"; };
		25FA7EF114D9F258001598C6 /* TETExtractorViewController.h */ = {isa = PBXFileReference; fileEncoding = 4; lastKnownFileType = sourcecode.c.h; path = TETExtractorViewController.h; sourceTree = "<group>"; };
		25FA7EF214D9F258001598C6 /* TETExtractorViewController.m */ = {isa = PBXFileReference; fileEncoding = 4; lastKnownFileType = sourcecode.c.objc; path = TETExtractorViewController.m; sourceTree = "<group>"; };
		25FA7EF314D9F258001598C6 /* TETExtractorViewController.xib */ = {isa = PBXFileReference; fileEncoding = 4; lastKnownFileType = file.xib; path = TETExtractorViewController.xib; sourceTree = "<group>"; };
		25FA7EFC14D9F6E7001598C6 /* TETImageResourceTableViewController.h */ = {isa = PBXFileReference; fileEncoding = 4; lastKnownFileType = sourcecode.c.h; path = TETImageResourceTableViewController.h; sourceTree = "<group>"; };
		25FA7EFD14D9F6E7001598C6 /* TETImageResourceTableViewController.m */ = {isa = PBXFileReference; fileEncoding = 4; lastKnownFileType = sourcecode.c.objc; path = TETImageResourceTableViewController.m; sourceTree = "<group>"; };
		25FA7EFE14D9F6E7001598C6 /* TETImageResourceTableViewController.xib */ = {isa = PBXFileReference; fileEncoding = 4; lastKnownFileType = file.xib; path = TETImageResourceTableViewController.xib; sourceTree = "<group>"; };
		25FA7F0114DA03EB001598C6 /* Icon@2x.png */ = {isa = PBXFileReference; lastKnownFileType = image.png; path = "Icon@2x.png"; sourceTree = "<group>"; };
		25FA7F0214DA03EB001598C6 /* Icon.png */ = {isa = PBXFileReference; lastKnownFileType = image.png; path = Icon.png; sourceTree = "<group>"; };
		25FA7F0514DA03EB001598C6 /* Default.png */ = {isa = PBXFileReference; lastKnownFileType = image.png; path = Default.png; sourceTree = "<group>"; };
		25FA7F0B14DB0E02001598C6 /* TETGlyphInfoViewController.h */ = {isa = PBXFileReference; fileEncoding = 4; lastKnownFileType = sourcecode.c.h; path = TETGlyphInfoViewController.h; sourceTree = "<group>"; };
		25FA7F0C14DB0E02001598C6 /* TETGlyphInfoViewController.m */ = {isa = PBXFileReference; fileEncoding = 4; lastKnownFileType = sourcecode.c.objc; path = TETGlyphInfoViewController.m; sourceTree = "<group>"; };
		25FA7F0D14DB0E03001598C6 /* TETGlyphInfoViewController.xib */ = {isa = PBXFileReference; fileEncoding = 4; lastKnownFileType = file.xib; path = TETGlyphInfoViewController.xib; sourceTree = "<group>"; };
		25FA7F1014DB26BE001598C6 /* TETDumperViewController.h */ = {isa = PBXFileReference; fileEncoding = 4; lastKnownFileType = sourcecode.c.h; path = TETDumperViewController.h; sourceTree = "<group>"; };
		25FA7F1114DB26BE001598C6 /* TETDumperViewController.m */ = {isa = PBXFileReference; fileEncoding = 4; lastKnownFileType = sourcecode.c.objc; path = TETDumperViewController.m; sourceTree = "<group>"; };
		25FA7F1214DB26BE001598C6 /* TETDumperViewController.xib */ = {isa = PBXFileReference; fileEncoding = 4; lastKnownFileType = file.xib; path = TETDumperViewController.xib; sourceTree = "<group>"; };
		37CB97001C40569400171B76 /* ja */ = {isa = PBXFileReference; lastKnownFileType = file.xib; name = ja; path = ja.lproj/TETViewController_iPhone.xib; sourceTree = "<group>"; };
		37CB97011C40569400171B76 /* ja */ = {isa = PBXFileReference; lastKnownFileType = text.plist.strings; name = ja; path = ja.lproj/InfoPlist.strings; sourceTree = "<group>"; };
		37F75CBB1C3F1BD80075F9FD /* libstdc++.6.0.9.tbd */ = {isa = PBXFileReference; lastKnownFileType = "sourcecode.text-based-dylib-definition"; name = "libstdc++.6.0.9.tbd"; path = "usr/lib/libstdc++.6.0.9.tbd"; sourceTree = SDKROOT; };
		780461C31BC7EB9400D77AB3 /* Adobe-CNS1-6 */ = {isa = PBXFileReference; fileEncoding = 4; lastKnownFileType = text; path = "Adobe-CNS1-6"; sourceTree = "<group>"; };
		780461C41BC7EB9400D77AB3 /* Adobe-GB1-5 */ = {isa = PBXFileReference; fileEncoding = 4; lastKnownFileType = text; path = "Adobe-GB1-5"; sourceTree = "<group>"; };
		780461C51BC7EB9400D77AB3 /* Adobe-Japan1-6 */ = {isa = PBXFileReference; fileEncoding = 4; lastKnownFileType = text; path = "Adobe-Japan1-6"; sourceTree = "<group>"; };
		780461C61BC7EB9400D77AB3 /* KSCpc-EUC-V */ = {isa = PBXFileReference; fileEncoding = 4; lastKnownFileType = text; path = "KSCpc-EUC-V"; sourceTree = "<group>"; };
		781747341BCCFD40004AE223 /* Default-568h@2x.png */ = {isa = PBXFileReference; lastKnownFileType = image.png; name = "Default-568h@2x.png"; path = "TET/resource/Default-568h@2x.png"; sourceTree = "<group>"; };
		7855B7FB14F064C200DEA809 /* TET_ios.framework */ = {isa = PBXFileReference; lastKnownFileType = wrapper.framework; name = TET_ios.framework; path = ../TET_ios/TET_ios.framework; sourceTree = "<group>"; };
		7855B7FE14F064EA00DEA809 /* TET-datasheet.pdf */ = {isa = PBXFileReference; lastKnownFileType = image.pdf; name = "TET-datasheet.pdf"; path = "../../data/TET-datasheet.pdf"; sourceTree = "<group>"; };
		7855BA1414F066A000DEA809 /* 83pv-RKSJ-H */ = {isa = PBXFileReference; fileEncoding = 4; lastKnownFileType = text; path = "83pv-RKSJ-H"; sourceTree = "<group>"; };
		7855BA1514F066A000DEA809 /* 90ms-RKSJ-H */ = {isa = PBXFileReference; fileEncoding = 4; lastKnownFileType = text; path = "90ms-RKSJ-H"; sourceTree = "<group>"; };
		7855BA1614F066A000DEA809 /* 90ms-RKSJ-UCS2 */ = {isa = PBXFileReference; fileEncoding = 4; lastKnownFileType = text; path = "90ms-RKSJ-UCS2"; sourceTree = "<group>"; };
		7855BA1714F066A000DEA809 /* 90ms-RKSJ-V */ = {isa = PBXFileReference; fileEncoding = 4; lastKnownFileType = text; path = "90ms-RKSJ-V"; sourceTree = "<group>"; };
		7855BA1814F066A000DEA809 /* 90msp-RKSJ-H */ = {isa = PBXFileReference; fileEncoding = 4; lastKnownFileType = text; path = "90msp-RKSJ-H"; sourceTree = "<group>"; };
		7855BA1914F066A000DEA809 /* 90msp-RKSJ-V */ = {isa = PBXFileReference; fileEncoding = 4; lastKnownFileType = text; path = "90msp-RKSJ-V"; sourceTree = "<group>"; };
		7855BA1A14F066A000DEA809 /* 90pv-RKSJ-H */ = {isa = PBXFileReference; fileEncoding = 4; lastKnownFileType = text; path = "90pv-RKSJ-H"; sourceTree = "<group>"; };
		7855BA1B14F066A000DEA809 /* 90pv-RKSJ-UCS2 */ = {isa = PBXFileReference; fileEncoding = 4; lastKnownFileType = text; path = "90pv-RKSJ-UCS2"; sourceTree = "<group>"; };
		7855BA1C14F066A000DEA809 /* 90pv-RKSJ-UCS2C */ = {isa = PBXFileReference; fileEncoding = 4; lastKnownFileType = text; path = "90pv-RKSJ-UCS2C"; sourceTree = "<group>"; };
		7855BA1D14F066A000DEA809 /* Add-RKSJ-H */ = {isa = PBXFileReference; fileEncoding = 4; lastKnownFileType = text; path = "Add-RKSJ-H"; sourceTree = "<group>"; };
		7855BA1E14F066A000DEA809 /* Add-RKSJ-V */ = {isa = PBXFileReference; fileEncoding = 4; lastKnownFileType = text; path = "Add-RKSJ-V"; sourceTree = "<group>"; };
		7855BA2014F066A000DEA809 /* Adobe-CNS1-UCS2 */ = {isa = PBXFileReference; fileEncoding = 4; lastKnownFileType = text; path = "Adobe-CNS1-UCS2"; sourceTree = "<group>"; };
		7855BA2214F066A000DEA809 /* Adobe-GB1-UCS2 */ = {isa = PBXFileReference; fileEncoding = 4; lastKnownFileType = text; path = "Adobe-GB1-UCS2"; sourceTree = "<group>"; };
		7855BA2414F066A000DEA809 /* Adobe-Japan1-UCS2 */ = {isa = PBXFileReference; fileEncoding = 4; lastKnownFileType = text; path = "Adobe-Japan1-UCS2"; sourceTree = "<group>"; };
		7855BA2514F066A000DEA809 /* Adobe-Korea1-2 */ = {isa = PBXFileReference; fileEncoding = 4; lastKnownFileType = text; path = "Adobe-Korea1-2"; sourceTree = "<group>"; };
		7855BA2614F066A000DEA809 /* Adobe-Korea1-UCS2 */ = {isa = PBXFileReference; fileEncoding = 4; lastKnownFileType = text; path = "Adobe-Korea1-UCS2"; sourceTree = "<group>"; };
		7855BA2714F066A000DEA809 /* B5pc-H */ = {isa = PBXFileReference; fileEncoding = 4; lastKnownFileType = text; path = "B5pc-H"; sourceTree = "<group>"; };
		7855BA2814F066A000DEA809 /* B5pc-UCS2 */ = {isa = PBXFileReference; fileEncoding = 4; lastKnownFileType = text; path = "B5pc-UCS2"; sourceTree = "<group>"; };
		7855BA2914F066A000DEA809 /* B5pc-UCS2C */ = {isa = PBXFileReference; fileEncoding = 4; lastKnownFileType = text; path = "B5pc-UCS2C"; sourceTree = "<group>"; };
		7855BA2A14F066A000DEA809 /* B5pc-V */ = {isa = PBXFileReference; fileEncoding = 4; lastKnownFileType = text; path = "B5pc-V"; sourceTree = "<group>"; };
		7855BA2B14F066A000DEA809 /* CNS-EUC-H */ = {isa = PBXFileReference; fileEncoding = 4; lastKnownFileType = text; path = "CNS-EUC-H"; sourceTree = "<group>"; };
		7855BA2C14F066A000DEA809 /* CNS-EUC-V */ = {isa = PBXFileReference; fileEncoding = 4; lastKnownFileType = text; path = "CNS-EUC-V"; sourceTree = "<group>"; };
		7855BA2D14F066A000DEA809 /* cp932.txt */ = {isa = PBXFileReference; fileEncoding = 4; lastKnownFileType = text; path = cp932.txt; sourceTree = "<group>"; };
		7855BA2E14F066A000DEA809 /* cp936.txt */ = {isa = PBXFileReference; fileEncoding = 4; lastKnownFileType = text; path = cp936.txt; sourceTree = "<group>"; };
		7855BA2F14F066A000DEA809 /* cp949.txt */ = {isa = PBXFileReference; fileEncoding = 4; lastKnownFileType = text; path = cp949.txt; sourceTree = "<group>"; };
		7855BA3014F066A000DEA809 /* cp950.txt */ = {isa = PBXFileReference; fileEncoding = 4; lastKnownFileType = text; path = cp950.txt; sourceTree = "<group>"; };
		7855BA3114F066A000DEA809 /* ETen-B5-H */ = {isa = PBXFileReference; fileEncoding = 4; lastKnownFileType = text; path = "ETen-B5-H"; sourceTree = "<group>"; };
		7855BA3214F066A000DEA809 /* ETen-B5-UCS2 */ = {isa = PBXFileReference; fileEncoding = 4; lastKnownFileType = text; path = "ETen-B5-UCS2"; sourceTree = "<group>"; };
		7855BA3314F066A000DEA809 /* ETen-B5-V */ = {isa = PBXFileReference; fileEncoding = 4; lastKnownFileType = text; path = "ETen-B5-V"; sourceTree = "<group>"; };
		7855BA3414F066A000DEA809 /* ETenms-B5-H */ = {isa = PBXFileReference; fileEncoding = 4; lastKnownFileType = text; path = "ETenms-B5-H"; sourceTree = "<group>"; };
		7855BA3514F066A000DEA809 /* ETenms-B5-V */ = {isa = PBXFileReference; fileEncoding = 4; lastKnownFileType = text; path = "ETenms-B5-V"; sourceTree = "<group>"; };
		7855BA3614F066A000DEA809 /* EUC-H */ = {isa = PBXFileReference; fileEncoding = 4; lastKnownFileType = text; path = "EUC-H"; sourceTree = "<group>"; };
		7855BA3714F066A000DEA809 /* EUC-V */ = {isa = PBXFileReference; fileEncoding = 4; lastKnownFileType = text; path = "EUC-V"; sourceTree = "<group>"; };
		7855BA3814F066A000DEA809 /* Ext-RKSJ-H */ = {isa = PBXFileReference; fileEncoding = 4; lastKnownFileType = text; path = "Ext-RKSJ-H"; sourceTree = "<group>"; };
		7855BA3914F066A000DEA809 /* Ext-RKSJ-V */ = {isa = PBXFileReference; fileEncoding = 4; lastKnownFileType = text; path = "Ext-RKSJ-V"; sourceTree = "<group>"; };
		7855BA3A14F066A000DEA809 /* GB-EUC-H */ = {isa = PBXFileReference; fileEncoding = 4; lastKnownFileType = text; path = "GB-EUC-H"; sourceTree = "<group>"; };
		7855BA3B14F066A000DEA809 /* GB-EUC-V */ = {isa = PBXFileReference; fileEncoding = 4; lastKnownFileType = text; path = "GB-EUC-V"; sourceTree = "<group>"; };
		7855BA3C14F066A000DEA809 /* GBK-EUC-H */ = {isa = PBXFileReference; fileEncoding = 4; lastKnownFileType = text; path = "GBK-EUC-H"; sourceTree = "<group>"; };
		7855BA3D14F066A000DEA809 /* GBK-EUC-UCS2 */ = {isa = PBXFileReference; fileEncoding = 4; lastKnownFileType = text; path = "GBK-EUC-UCS2"; sourceTree = "<group>"; };
		7855BA3E14F066A000DEA809 /* GBK-EUC-V */ = {isa = PBXFileReference; fileEncoding = 4; lastKnownFileType = text; path = "GBK-EUC-V"; sourceTree = "<group>"; };
		7855BA3F14F066A000DEA809 /* GBK2K-H */ = {isa = PBXFileReference; fileEncoding = 4; lastKnownFileType = text; path = "GBK2K-H"; sourceTree = "<group>"; };
		7855BA4014F066A000DEA809 /* GBK2K-V */ = {isa = PBXFileReference; fileEncoding = 4; lastKnownFileType = text; path = "GBK2K-V"; sourceTree = "<group>"; };
		7855BA4114F066A000DEA809 /* GBKp-EUC-H */ = {isa = PBXFileReference; fileEncoding = 4; lastKnownFileType = text; path = "GBKp-EUC-H"; sourceTree = "<group>"; };
		7855BA4214F066A000DEA809 /* GBKp-EUC-V */ = {isa = PBXFileReference; fileEncoding = 4; lastKnownFileType = text; path = "GBKp-EUC-V"; sourceTree = "<group>"; };
		7855BA4314F066A000DEA809 /* GBpc-EUC-H */ = {isa = PBXFileReference; fileEncoding = 4; lastKnownFileType = text; path = "GBpc-EUC-H"; sourceTree = "<group>"; };
		7855BA4414F066A000DEA809 /* GBpc-EUC-UCS2 */ = {isa = PBXFileReference; fileEncoding = 4; lastKnownFileType = text; path = "GBpc-EUC-UCS2"; sourceTree = "<group>"; };
		7855BA4514F066A000DEA809 /* GBpc-EUC-UCS2C */ = {isa = PBXFileReference; fileEncoding = 4; lastKnownFileType = text; path = "GBpc-EUC-UCS2C"; sourceTree = "<group>"; };
		7855BA4614F066A000DEA809 /* GBpc-EUC-V */ = {isa = PBXFileReference; fileEncoding = 4; lastKnownFileType = text; path = "GBpc-EUC-V"; sourceTree = "<group>"; };
		7855BA4714F066A000DEA809 /* GBT-EUC-H */ = {isa = PBXFileReference; fileEncoding = 4; lastKnownFileType = text; path = "GBT-EUC-H"; sourceTree = "<group>"; };
		7855BA4814F066A000DEA809 /* GBT-EUC-V */ = {isa = PBXFileReference; fileEncoding = 4; lastKnownFileType = text; path = "GBT-EUC-V"; sourceTree = "<group>"; };
		7855BA4914F066A000DEA809 /* H */ = {isa = PBXFileReference; fileEncoding = 4; lastKnownFileType = text; path = H; sourceTree = "<group>"; };
		7855BA4A14F066A000DEA809 /* HKscs-B5-H */ = {isa = PBXFileReference; fileEncoding = 4; lastKnownFileType = text; path = "HKscs-B5-H"; sourceTree = "<group>"; };
		7855BA4B14F066A000DEA809 /* HKscs-B5-V */ = {isa = PBXFileReference; fileEncoding = 4; lastKnownFileType = text; path = "HKscs-B5-V"; sourceTree = "<group>"; };
		7855BA4D14F066A000DEA809 /* KSC-EUC-H */ = {isa = PBXFileReference; fileEncoding = 4; lastKnownFileType = text; path = "KSC-EUC-H"; sourceTree = "<group>"; };
		7855BA4E14F066A000DEA809 /* KSC-EUC-V */ = {isa = PBXFileReference; fileEncoding = 4; lastKnownFileType = text; path = "KSC-EUC-V"; sourceTree = "<group>"; };
		7855BA4F14F066A000DEA809 /* KSCms-UHC-H */ = {isa = PBXFileReference; fileEncoding = 4; lastKnownFileType = text; path = "KSCms-UHC-H"; sourceTree = "<group>"; };
		7855BA5014F066A000DEA809 /* KSCms-UHC-HW-H */ = {isa = PBXFileReference; fileEncoding = 4; lastKnownFileType = text; path = "KSCms-UHC-HW-H"; sourceTree = "<group>"; };
		7855BA5114F066A000DEA809 /* KSCms-UHC-HW-V */ = {isa = PBXFileReference; fileEncoding = 4; lastKnownFileType = text; path = "KSCms-UHC-HW-V"; sourceTree = "<group>"; };
		7855BA5214F066A000DEA809 /* KSCms-UHC-UCS2 */ = {isa = PBXFileReference; fileEncoding = 4; lastKnownFileType = text; path = "KSCms-UHC-UCS2"; sourceTree = "<group>"; };
		7855BA5314F066A000DEA809 /* KSCms-UHC-V */ = {isa = PBXFileReference; fileEncoding = 4; lastKnownFileType = text; path = "KSCms-UHC-V"; sourceTree = "<group>"; };
		7855BA5414F066A000DEA809 /* KSCpc-EUC-H */ = {isa = PBXFileReference; fileEncoding = 4; lastKnownFileType = text; path = "KSCpc-EUC-H"; sourceTree = "<group>"; };
		7855BA5514F066A000DEA809 /* KSCpc-EUC-UCS2 */ = {isa = PBXFileReference; fileEncoding = 4; lastKnownFileType = text; path = "KSCpc-EUC-UCS2"; sourceTree = "<group>"; };
		7855BA5614F066A000DEA809 /* KSCpc-EUC-UCS2C */ = {isa = PBXFileReference; fileEncoding = 4; lastKnownFileType = text; path = "KSCpc-EUC-UCS2C"; sourceTree = "<group>"; };
		7855BA5714F066A000DEA809 /* UniCNS-UCS2-H */ = {isa = PBXFileReference; fileEncoding = 4; lastKnownFileType = text; path = "UniCNS-UCS2-H"; sourceTree = "<group>"; };
		7855BA5814F066A000DEA809 /* UniCNS-UCS2-V */ = {isa = PBXFileReference; fileEncoding = 4; lastKnownFileType = text; path = "UniCNS-UCS2-V"; sourceTree = "<group>"; };
		7855BA5914F066A000DEA809 /* UniCNS-UTF16-H */ = {isa = PBXFileReference; fileEncoding = 4; lastKnownFileType = text; path = "UniCNS-UTF16-H"; sourceTree = "<group>"; };
		7855BA5A14F066A000DEA809 /* UniCNS-UTF16-V */ = {isa = PBXFileReference; fileEncoding = 4; lastKnownFileType = text; path = "UniCNS-UTF16-V"; sourceTree = "<group>"; };
		7855BA5B14F066A000DEA809 /* UniGB-UCS2-H */ = {isa = PBXFileReference; fileEncoding = 4; lastKnownFileType = text; path = "UniGB-UCS2-H"; sourceTree = "<group>"; };
		7855BA5C14F066A000DEA809 /* UniGB-UCS2-V */ = {isa = PBXFileReference; fileEncoding = 4; lastKnownFileType = text; path = "UniGB-UCS2-V"; sourceTree = "<group>"; };
		7855BA5D14F066A000DEA809 /* UniGB-UTF16-H */ = {isa = PBXFileReference; fileEncoding = 4; lastKnownFileType = text; path = "UniGB-UTF16-H"; sourceTree = "<group>"; };
		7855BA5E14F066A000DEA809 /* UniGB-UTF16-V */ = {isa = PBXFileReference; fileEncoding = 4; lastKnownFileType = text; path = "UniGB-UTF16-V"; sourceTree = "<group>"; };
		7855BA5F14F066A000DEA809 /* UniJIS-UCS2-H */ = {isa = PBXFileReference; fileEncoding = 4; lastKnownFileType = text; path = "UniJIS-UCS2-H"; sourceTree = "<group>"; };
		7855BA6014F066A000DEA809 /* UniJIS-UCS2-HW-H */ = {isa = PBXFileReference; fileEncoding = 4; lastKnownFileType = text; path = "UniJIS-UCS2-HW-H"; sourceTree = "<group>"; };
		7855BA6114F066A000DEA809 /* UniJIS-UCS2-HW-V */ = {isa = PBXFileReference; fileEncoding = 4; lastKnownFileType = text; path = "UniJIS-UCS2-HW-V"; sourceTree = "<group>"; };
		7855BA6214F066A000DEA809 /* UniJIS-UCS2-V */ = {isa = PBXFileReference; fileEncoding = 4; lastKnownFileType = text; path = "UniJIS-UCS2-V"; sourceTree = "<group>"; };
		7855BA6314F066A000DEA809 /* UniJIS-UTF16-H */ = {isa = PBXFileReference; fileEncoding = 4; lastKnownFileType = text; path = "UniJIS-UTF16-H"; sourceTree = "<group>"; };
		7855BA6414F066A000DEA809 /* UniJIS-UTF16-V */ = {isa = PBXFileReference; fileEncoding = 4; lastKnownFileType = text; path = "UniJIS-UTF16-V"; sourceTree = "<group>"; };
		7855BA6514F066A000DEA809 /* UniKS-UCS2-H */ = {isa = PBXFileReference; fileEncoding = 4; lastKnownFileType = text; path = "UniKS-UCS2-H"; sourceTree = "<group>"; };
		7855BA6614F066A000DEA809 /* UniKS-UCS2-V */ = {isa = PBXFileReference; fileEncoding = 4; lastKnownFileType = text; path = "UniKS-UCS2-V"; sourceTree = "<group>"; };
		7855BA6714F066A000DEA809 /* UniKS-UTF16-H */ = {isa = PBXFileReference; fileEncoding = 4; lastKnownFileType = text; path = "UniKS-UTF16-H"; sourceTree = "<group>"; };
		7855BA6814F066A000DEA809 /* UniKS-UTF16-V */ = {isa = PBXFileReference; fileEncoding = 4; lastKnownFileType = text; path = "UniKS-UTF16-V"; sourceTree = "<group>"; };
		7855BA6914F066A000DEA809 /* V */ = {isa = PBXFileReference; fileEncoding = 4; lastKnownFileType = text; path = V; sourceTree = "<group>"; };
		78A61D921847710100D3614C /* Icon@2x2.png */ = {isa = PBXFileReference; lastKnownFileType = image.png; path = "Icon@2x2.png"; sourceTree = "<group>"; };
		78B30D231754B05C0079E5AC /* PDFlib-datasheet.pdf */ = {isa = PBXFileReference; lastKnownFileType = image.pdf; name = "PDFlib-datasheet.pdf"; path = "../../data/PDFlib-datasheet.pdf"; sourceTree = "<group>"; };
		78B30D241754B05C0079E5AC /* Whitepaper-Technical-Introduction-to-PDFA.pdf */ = {isa = PBXFileReference; lastKnownFileType = image.pdf; name = "Whitepaper-Technical-Introduction-to-PDFA.pdf"; path = "../../data/Whitepaper-Technical-Introduction-to-PDFA.pdf"; sourceTree = "<group>"; };
		78B30D251754B05C0079E5AC /* Whitepaper-XMP-metadata-in-PDFlib-products.pdf */ = {isa = PBXFileReference; lastKnownFileType = image.pdf; name = "Whitepaper-XMP-metadata-in-PDFlib-products.pdf"; path = "../../data/Whitepaper-XMP-metadata-in-PDFlib-products.pdf"; sourceTree = "<group>"; };
/* End PBXFileReference section */

/* Begin PBXFrameworksBuildPhase section */
		25FA7E0B14D9B92A001598C6 /* Frameworks */ = {
			isa = PBXFrameworksBuildPhase;
			buildActionMask = 2147483647;
			files = (
				37F75CBC1C3F1BD80075F9FD /* libstdc++.6.0.9.tbd in Frameworks */,
				25FA7E1314D9B92A001598C6 /* UIKit.framework in Frameworks */,
				25FA7E1514D9B92A001598C6 /* Foundation.framework in Frameworks */,
				25FA7E1714D9B92A001598C6 /* CoreGraphics.framework in Frameworks */,
				7855B7FC14F064C200DEA809 /* TET_ios.framework in Frameworks */,
			);
			runOnlyForDeploymentPostprocessing = 0;
		};
/* End PBXFrameworksBuildPhase section */

/* Begin PBXGroup section */
		2587D46814EC09B500B41430 /* sampleDocs */ = {
			isa = PBXGroup;
			children = (
				78B30D231754B05C0079E5AC /* PDFlib-datasheet.pdf */,
				78B30D241754B05C0079E5AC /* Whitepaper-Technical-Introduction-to-PDFA.pdf */,
				78B30D251754B05C0079E5AC /* Whitepaper-XMP-metadata-in-PDFlib-products.pdf */,
				7855B7FE14F064EA00DEA809 /* TET-datasheet.pdf */,
			);
			name = sampleDocs;
			sourceTree = "<group>";
		};
		25FA7E0314D9B92A001598C6 = {
			isa = PBXGroup;
			children = (
				781747341BCCFD40004AE223 /* Default-568h@2x.png */,
				25FA7E1814D9B92A001598C6 /* TET */,
				25FA7E1114D9B92A001598C6 /* Frameworks */,
				25FA7E0F14D9B92A001598C6 /* Products */,
			);
			sourceTree = "<group>";
		};
		25FA7E0F14D9B92A001598C6 /* Products */ = {
			isa = PBXGroup;
			children = (
				25FA7E0E14D9B92A001598C6 /* TET.app */,
			);
			name = Products;
			sourceTree = "<group>";
		};
		25FA7E1114D9B92A001598C6 /* Frameworks */ = {
			isa = PBXGroup;
			children = (
				37F75CBB1C3F1BD80075F9FD /* libstdc++.6.0.9.tbd */,
				7855B7FB14F064C200DEA809 /* TET_ios.framework */,
				25FA7E1214D9B92A001598C6 /* UIKit.framework */,
				25FA7E1414D9B92A001598C6 /* Foundation.framework */,
				25FA7E1614D9B92A001598C6 /* CoreGraphics.framework */,
			);
			name = Frameworks;
			sourceTree = "<group>";
		};
		25FA7E1814D9B92A001598C6 /* TET */ = {
			isa = PBXGroup;
			children = (
				25FA7EFB14D9F688001598C6 /* viewController */,
				2587D46814EC09B500B41430 /* sampleDocs */,
				25FA7E3414D9BA38001598C6 /* resource */,
				25FA7E2114D9B92A001598C6 /* TETAppDelegate.h */,
				25FA7E2214D9B92A001598C6 /* TETAppDelegate.m */,
				25FA7E1914D9B92A001598C6 /* Supporting Files */,
			);
			path = TET;
			sourceTree = "<group>";
		};
		25FA7E1914D9B92A001598C6 /* Supporting Files */ = {
			isa = PBXGroup;
			children = (
				25FA7E1A14D9B92A001598C6 /* TET-Info.plist */,
				25FA7E1B14D9B92A001598C6 /* InfoPlist.strings */,
				25FA7E1E14D9B92A001598C6 /* main.m */,
				25FA7E2014D9B92A001598C6 /* TET-Prefix.pch */,
			);
			name = "Supporting Files";
			sourceTree = "<group>";
		};
		25FA7E3414D9BA38001598C6 /* resource */ = {
			isa = PBXGroup;
			children = (
				7855BA1314F066A000DEA809 /* cmap */,
				25FA7F0114DA03EB001598C6 /* Icon@2x.png */,
				78A61D921847710100D3614C /* Icon@2x2.png */,
				25FA7F0214DA03EB001598C6 /* Icon.png */,
				25FA7F0514DA03EB001598C6 /* Default.png */,
				2587D46A14EC0A6400B41430 /* Default~iphone.png */,
			);
			path = resource;
			sourceTree = "<group>";
		};
		25FA7EFB14D9F688001598C6 /* viewController */ = {
			isa = PBXGroup;
			children = (
				25FA7E2414D9B92A001598C6 /* TETViewController.h */,
				25FA7E2514D9B92A001598C6 /* TETViewController.m */,
				25FA7E2714D9B92A001598C6 /* TETViewController_iPhone.xib */,
				25FA7EEC14D9C686001598C6 /* TETDetailViewController.h */,
				25FA7EED14D9C686001598C6 /* TETDetailViewController.m */,
				25FA7EEE14D9C686001598C6 /* TETDetailViewController.xib */,
				25FA7EF114D9F258001598C6 /* TETExtractorViewController.h */,
				25FA7EF214D9F258001598C6 /* TETExtractorViewController.m */,
				25FA7EF314D9F258001598C6 /* TETExtractorViewController.xib */,
				25FA7EFC14D9F6E7001598C6 /* TETImageResourceTableViewController.h */,
				25FA7EFD14D9F6E7001598C6 /* TETImageResourceTableViewController.m */,
				25FA7EFE14D9F6E7001598C6 /* TETImageResourceTableViewController.xib */,
				25FA7F0B14DB0E02001598C6 /* TETGlyphInfoViewController.h */,
				25FA7F0C14DB0E02001598C6 /* TETGlyphInfoViewController.m */,
				25FA7F0D14DB0E03001598C6 /* TETGlyphInfoViewController.xib */,
				25FA7F1014DB26BE001598C6 /* TETDumperViewController.h */,
				25FA7F1114DB26BE001598C6 /* TETDumperViewController.m */,
				25FA7F1214DB26BE001598C6 /* TETDumperViewController.xib */,
			);
			name = viewController;
			sourceTree = "<group>";
		};
		7855BA1314F066A000DEA809 /* cmap */ = {
			isa = PBXGroup;
			children = (
				780461C31BC7EB9400D77AB3 /* Adobe-CNS1-6 */,
				780461C41BC7EB9400D77AB3 /* Adobe-GB1-5 */,
				780461C51BC7EB9400D77AB3 /* Adobe-Japan1-6 */,
				780461C61BC7EB9400D77AB3 /* KSCpc-EUC-V */,
				7855BA1414F066A000DEA809 /* 83pv-RKSJ-H */,
				7855BA1514F066A000DEA809 /* 90ms-RKSJ-H */,
				7855BA1614F066A000DEA809 /* 90ms-RKSJ-UCS2 */,
				7855BA1714F066A000DEA809 /* 90ms-RKSJ-V */,
				7855BA1814F066A000DEA809 /* 90msp-RKSJ-H */,
				7855BA1914F066A000DEA809 /* 90msp-RKSJ-V */,
				7855BA1A14F066A000DEA809 /* 90pv-RKSJ-H */,
				7855BA1B14F066A000DEA809 /* 90pv-RKSJ-UCS2 */,
				7855BA1C14F066A000DEA809 /* 90pv-RKSJ-UCS2C */,
				7855BA1D14F066A000DEA809 /* Add-RKSJ-H */,
				7855BA1E14F066A000DEA809 /* Add-RKSJ-V */,
				7855BA2014F066A000DEA809 /* Adobe-CNS1-UCS2 */,
				7855BA2214F066A000DEA809 /* Adobe-GB1-UCS2 */,
				7855BA2414F066A000DEA809 /* Adobe-Japan1-UCS2 */,
				7855BA2514F066A000DEA809 /* Adobe-Korea1-2 */,
				7855BA2614F066A000DEA809 /* Adobe-Korea1-UCS2 */,
				7855BA2714F066A000DEA809 /* B5pc-H */,
				7855BA2814F066A000DEA809 /* B5pc-UCS2 */,
				7855BA2914F066A000DEA809 /* B5pc-UCS2C */,
				7855BA2A14F066A000DEA809 /* B5pc-V */,
				7855BA2B14F066A000DEA809 /* CNS-EUC-H */,
				7855BA2C14F066A000DEA809 /* CNS-EUC-V */,
				7855BA2D14F066A000DEA809 /* cp932.txt */,
				7855BA2E14F066A000DEA809 /* cp936.txt */,
				7855BA2F14F066A000DEA809 /* cp949.txt */,
				7855BA3014F066A000DEA809 /* cp950.txt */,
				7855BA3114F066A000DEA809 /* ETen-B5-H */,
				7855BA3214F066A000DEA809 /* ETen-B5-UCS2 */,
				7855BA3314F066A000DEA809 /* ETen-B5-V */,
				7855BA3414F066A000DEA809 /* ETenms-B5-H */,
				7855BA3514F066A000DEA809 /* ETenms-B5-V */,
				7855BA3614F066A000DEA809 /* EUC-H */,
				7855BA3714F066A000DEA809 /* EUC-V */,
				7855BA3814F066A000DEA809 /* Ext-RKSJ-H */,
				7855BA3914F066A000DEA809 /* Ext-RKSJ-V */,
				7855BA3A14F066A000DEA809 /* GB-EUC-H */,
				7855BA3B14F066A000DEA809 /* GB-EUC-V */,
				7855BA3C14F066A000DEA809 /* GBK-EUC-H */,
				7855BA3D14F066A000DEA809 /* GBK-EUC-UCS2 */,
				7855BA3E14F066A000DEA809 /* GBK-EUC-V */,
				7855BA3F14F066A000DEA809 /* GBK2K-H */,
				7855BA4014F066A000DEA809 /* GBK2K-V */,
				7855BA4114F066A000DEA809 /* GBKp-EUC-H */,
				7855BA4214F066A000DEA809 /* GBKp-EUC-V */,
				7855BA4314F066A000DEA809 /* GBpc-EUC-H */,
				7855BA4414F066A000DEA809 /* GBpc-EUC-UCS2 */,
				7855BA4514F066A000DEA809 /* GBpc-EUC-UCS2C */,
				7855BA4614F066A000DEA809 /* GBpc-EUC-V */,
				7855BA4714F066A000DEA809 /* GBT-EUC-H */,
				7855BA4814F066A000DEA809 /* GBT-EUC-V */,
				7855BA4914F066A000DEA809 /* H */,
				7855BA4A14F066A000DEA809 /* HKscs-B5-H */,
				7855BA4B14F066A000DEA809 /* HKscs-B5-V */,
				7855BA4D14F066A000DEA809 /* KSC-EUC-H */,
				7855BA4E14F066A000DEA809 /* KSC-EUC-V */,
				7855BA4F14F066A000DEA809 /* KSCms-UHC-H */,
				7855BA5014F066A000DEA809 /* KSCms-UHC-HW-H */,
				7855BA5114F066A000DEA809 /* KSCms-UHC-HW-V */,
				7855BA5214F066A000DEA809 /* KSCms-UHC-UCS2 */,
				7855BA5314F066A000DEA809 /* KSCms-UHC-V */,
				7855BA5414F066A000DEA809 /* KSCpc-EUC-H */,
				7855BA5514F066A000DEA809 /* KSCpc-EUC-UCS2 */,
				7855BA5614F066A000DEA809 /* KSCpc-EUC-UCS2C */,
				7855BA5714F066A000DEA809 /* UniCNS-UCS2-H */,
				7855BA5814F066A000DEA809 /* UniCNS-UCS2-V */,
				7855BA5914F066A000DEA809 /* UniCNS-UTF16-H */,
				7855BA5A14F066A000DEA809 /* UniCNS-UTF16-V */,
				7855BA5B14F066A000DEA809 /* UniGB-UCS2-H */,
				7855BA5C14F066A000DEA809 /* UniGB-UCS2-V */,
				7855BA5D14F066A000DEA809 /* UniGB-UTF16-H */,
				7855BA5E14F066A000DEA809 /* UniGB-UTF16-V */,
				7855BA5F14F066A000DEA809 /* UniJIS-UCS2-H */,
				7855BA6014F066A000DEA809 /* UniJIS-UCS2-HW-H */,
				7855BA6114F066A000DEA809 /* UniJIS-UCS2-HW-V */,
				7855BA6214F066A000DEA809 /* UniJIS-UCS2-V */,
				7855BA6314F066A000DEA809 /* UniJIS-UTF16-H */,
				7855BA6414F066A000DEA809 /* UniJIS-UTF16-V */,
				7855BA6514F066A000DEA809 /* UniKS-UCS2-H */,
				7855BA6614F066A000DEA809 /* UniKS-UCS2-V */,
				7855BA6714F066A000DEA809 /* UniKS-UTF16-H */,
				7855BA6814F066A000DEA809 /* UniKS-UTF16-V */,
				7855BA6914F066A000DEA809 /* V */,
			);
			name = cmap;
			path = ../../../resource/cmap;
			sourceTree = "<group>";
		};
/* End PBXGroup section */

/* Begin PBXNativeTarget section */
		25FA7E0D14D9B92A001598C6 /* TET */ = {
			isa = PBXNativeTarget;
			buildConfigurationList = 25FA7E2F14D9B92A001598C6 /* Build configuration list for PBXNativeTarget "TET" */;
			buildPhases = (
				25FA7E0A14D9B92A001598C6 /* Sources */,
				25FA7E0B14D9B92A001598C6 /* Frameworks */,
				25FA7E0C14D9B92A001598C6 /* Resources */,
			);
			buildRules = (
			);
			dependencies = (
			);
			name = TET;
			productName = TET;
			productReference = 25FA7E0E14D9B92A001598C6 /* TET.app */;
			productType = "com.apple.product-type.application";
		};
/* End PBXNativeTarget section */

/* Begin PBXProject section */
		25FA7E0514D9B92A001598C6 /* Project object */ = {
			isa = PBXProject;
			attributes = {
				LastUpgradeCheck = 0700;
				ORGANIZATIONNAME = www.bruegge.biz;
				TargetAttributes = {
					25FA7E0D14D9B92A001598C6 = {
						DevelopmentTeam = TLVYAZUQZL;
					};
				};
			};
			buildConfigurationList = 25FA7E0814D9B92A001598C6 /* Build configuration list for PBXProject "TET" */;
			compatibilityVersion = "Xcode 3.2";
			developmentRegion = English;
			hasScannedForEncodings = 0;
			knownRegions = (
				en,
				ja,
			);
			mainGroup = 25FA7E0314D9B92A001598C6;
			productRefGroup = 25FA7E0F14D9B92A001598C6 /* Products */;
			projectDirPath = "";
			projectRoot = "";
			targets = (
				25FA7E0D14D9B92A001598C6 /* TET */,
			);
		};
/* End PBXProject section */

/* Begin PBXResourcesBuildPhase section */
		25FA7E0C14D9B92A001598C6 /* Resources */ = {
			isa = PBXResourcesBuildPhase;
			buildActionMask = 2147483647;
			files = (
				25FA7E1D14D9B92A001598C6 /* InfoPlist.strings in Resources */,
				25FA7E2914D9B92A001598C6 /* TETViewController_iPhone.xib in Resources */,
				25FA7EF014D9C686001598C6 /* TETDetailViewController.xib in Resources */,
				25FA7EF514D9F258001598C6 /* TETExtractorViewController.xib in Resources */,
				25FA7F0014D9F6E7001598C6 /* TETImageResourceTableViewController.xib in Resources */,
				25FA7F0614DA03EB001598C6 /* Icon@2x.png in Resources */,
				25FA7F0714DA03EB001598C6 /* Icon.png in Resources */,
				25FA7F0A14DA03EB001598C6 /* Default.png in Resources */,
				780461C71BC7EB9400D77AB3 /* Adobe-CNS1-6 in Resources */,
				25FA7F0F14DB0E03001598C6 /* TETGlyphInfoViewController.xib in Resources */,
				25FA7F1414DB26BF001598C6 /* TETDumperViewController.xib in Resources */,
				2587D46B14EC0A6400B41430 /* Default~iphone.png in Resources */,
				7855B80214F064EA00DEA809 /* TET-datasheet.pdf in Resources */,
				7855BA6A14F066A000DEA809 /* 83pv-RKSJ-H in Resources */,
				7855BA6B14F066A000DEA809 /* 90ms-RKSJ-H in Resources */,
				7855BA6C14F066A000DEA809 /* 90ms-RKSJ-UCS2 in Resources */,
				7855BA6D14F066A000DEA809 /* 90ms-RKSJ-V in Resources */,
				7855BA6E14F066A000DEA809 /* 90msp-RKSJ-H in Resources */,
				780461C81BC7EB9400D77AB3 /* Adobe-GB1-5 in Resources */,
				7855BA6F14F066A000DEA809 /* 90msp-RKSJ-V in Resources */,
				7855BA7014F066A000DEA809 /* 90pv-RKSJ-H in Resources */,
				7855BA7114F066A000DEA809 /* 90pv-RKSJ-UCS2 in Resources */,
				7855BA7214F066A000DEA809 /* 90pv-RKSJ-UCS2C in Resources */,
				7855BA7314F066A000DEA809 /* Add-RKSJ-H in Resources */,
				7855BA7414F066A000DEA809 /* Add-RKSJ-V in Resources */,
				7855BA7614F066A000DEA809 /* Adobe-CNS1-UCS2 in Resources */,
				780461C91BC7EB9400D77AB3 /* Adobe-Japan1-6 in Resources */,
				7855BA7814F066A000DEA809 /* Adobe-GB1-UCS2 in Resources */,
				7855BA7A14F066A000DEA809 /* Adobe-Japan1-UCS2 in Resources */,
				7855BA7B14F066A000DEA809 /* Adobe-Korea1-2 in Resources */,
				7855BA7C14F066A000DEA809 /* Adobe-Korea1-UCS2 in Resources */,
				7855BA7D14F066A000DEA809 /* B5pc-H in Resources */,
				7855BA7E14F066A000DEA809 /* B5pc-UCS2 in Resources */,
				7855BA7F14F066A000DEA809 /* B5pc-UCS2C in Resources */,
				7855BA8014F066A000DEA809 /* B5pc-V in Resources */,
				7855BA8114F066A000DEA809 /* CNS-EUC-H in Resources */,
				7855BA8214F066A000DEA809 /* CNS-EUC-V in Resources */,
				7855BA8314F066A000DEA809 /* cp932.txt in Resources */,
				7855BA8414F066A000DEA809 /* cp936.txt in Resources */,
				7855BA8514F066A000DEA809 /* cp949.txt in Resources */,
				7855BA8614F066A000DEA809 /* cp950.txt in Resources */,
				7855BA8714F066A000DEA809 /* ETen-B5-H in Resources */,
				7855BA8814F066A000DEA809 /* ETen-B5-UCS2 in Resources */,
				7855BA8914F066A000DEA809 /* ETen-B5-V in Resources */,
				7855BA8A14F066A000DEA809 /* ETenms-B5-H in Resources */,
				7855BA8B14F066A000DEA809 /* ETenms-B5-V in Resources */,
				7855BA8C14F066A000DEA809 /* EUC-H in Resources */,
				7855BA8D14F066A000DEA809 /* EUC-V in Resources */,
				7855BA8E14F066A000DEA809 /* Ext-RKSJ-H in Resources */,
				7855BA8F14F066A000DEA809 /* Ext-RKSJ-V in Resources */,
				7855BA9014F066A000DEA809 /* GB-EUC-H in Resources */,
				7855BA9114F066A000DEA809 /* GB-EUC-V in Resources */,
				7855BA9214F066A000DEA809 /* GBK-EUC-H in Resources */,
				7855BA9314F066A000DEA809 /* GBK-EUC-UCS2 in Resources */,
				7855BA9414F066A000DEA809 /* GBK-EUC-V in Resources */,
				7855BA9514F066A000DEA809 /* GBK2K-H in Resources */,
				7855BA9614F066A000DEA809 /* GBK2K-V in Resources */,
				7855BA9714F066A000DEA809 /* GBKp-EUC-H in Resources */,
				7855BA9814F066A000DEA809 /* GBKp-EUC-V in Resources */,
				7855BA9914F066A000DEA809 /* GBpc-EUC-H in Resources */,
				7855BA9A14F066A000DEA809 /* GBpc-EUC-UCS2 in Resources */,
				7855BA9B14F066A000DEA809 /* GBpc-EUC-UCS2C in Resources */,
				7855BA9C14F066A000DEA809 /* GBpc-EUC-V in Resources */,
				7855BA9D14F066A000DEA809 /* GBT-EUC-H in Resources */,
				7855BA9E14F066A000DEA809 /* GBT-EUC-V in Resources */,
				7855BA9F14F066A000DEA809 /* H in Resources */,
				7855BAA014F066A000DEA809 /* HKscs-B5-H in Resources */,
				7855BAA114F066A000DEA809 /* HKscs-B5-V in Resources */,
				7855BAA314F066A000DEA809 /* KSC-EUC-H in Resources */,
				7855BAA414F066A000DEA809 /* KSC-EUC-V in Resources */,
				7855BAA514F066A000DEA809 /* KSCms-UHC-H in Resources */,
				7855BAA614F066A000DEA809 /* KSCms-UHC-HW-H in Resources */,
				7855BAA714F066A000DEA809 /* KSCms-UHC-HW-V in Resources */,
				7855BAA814F066A000DEA809 /* KSCms-UHC-UCS2 in Resources */,
				7855BAA914F066A000DEA809 /* KSCms-UHC-V in Resources */,
				7855BAAA14F066A000DEA809 /* KSCpc-EUC-H in Resources */,
				7855BAAB14F066A000DEA809 /* KSCpc-EUC-UCS2 in Resources */,
				7855BAAC14F066A000DEA809 /* KSCpc-EUC-UCS2C in Resources */,
				7855BAAD14F066A000DEA809 /* UniCNS-UCS2-H in Resources */,
				7855BAAE14F066A000DEA809 /* UniCNS-UCS2-V in Resources */,
				7855BAAF14F066A000DEA809 /* UniCNS-UTF16-H in Resources */,
				7855BAB014F066A000DEA809 /* UniCNS-UTF16-V in Resources */,
				7855BAB114F066A000DEA809 /* UniGB-UCS2-H in Resources */,
				7855BAB214F066A000DEA809 /* UniGB-UCS2-V in Resources */,
				780461CA1BC7EB9400D77AB3 /* KSCpc-EUC-V in Resources */,
				7855BAB314F066A000DEA809 /* UniGB-UTF16-H in Resources */,
				7855BAB414F066A000DEA809 /* UniGB-UTF16-V in Resources */,
				7855BAB514F066A000DEA809 /* UniJIS-UCS2-H in Resources */,
				7855BAB614F066A000DEA809 /* UniJIS-UCS2-HW-H in Resources */,
				7855BAB714F066A000DEA809 /* UniJIS-UCS2-HW-V in Resources */,
				7855BAB814F066A000DEA809 /* UniJIS-UCS2-V in Resources */,
				7855BAB914F066A000DEA809 /* UniJIS-UTF16-H in Resources */,
				7855BABA14F066A000DEA809 /* UniJIS-UTF16-V in Resources */,
				7855BABB14F066A000DEA809 /* UniKS-UCS2-H in Resources */,
				7855BABC14F066A000DEA809 /* UniKS-UCS2-V in Resources */,
				7855BABD14F066A000DEA809 /* UniKS-UTF16-H in Resources */,
				78A61D931847710100D3614C /* Icon@2x2.png in Resources */,
				7855BABE14F066A000DEA809 /* UniKS-UTF16-V in Resources */,
				7855BABF14F066A000DEA809 /* V in Resources */,
				78B30D261754B05C0079E5AC /* PDFlib-datasheet.pdf in Resources */,
				781747351BCCFD40004AE223 /* Default-568h@2x.png in Resources */,
				78B30D271754B05C0079E5AC /* Whitepaper-Technical-Introduction-to-PDFA.pdf in Resources */,
				78B30D281754B05C0079E5AC /* Whitepaper-XMP-metadata-in-PDFlib-products.pdf in Resources */,
			);
			runOnlyForDeploymentPostprocessing = 0;
		};
/* End PBXResourcesBuildPhase section */

/* Begin PBXSourcesBuildPhase section */
		25FA7E0A14D9B92A001598C6 /* Sources */ = {
			isa = PBXSourcesBuildPhase;
			buildActionMask = 2147483647;
			files = (
				25FA7E1F14D9B92A001598C6 /* main.m in Sources */,
				25FA7E2314D9B92A001598C6 /* TETAppDelegate.m in Sources */,
				25FA7E2614D9B92A001598C6 /* TETViewController.m in Sources */,
				25FA7EEF14D9C686001598C6 /* TETDetailViewController.m in Sources */,
				25FA7EF414D9F258001598C6 /* TETExtractorViewController.m in Sources */,
				25FA7EFF14D9F6E7001598C6 /* TETImageResourceTableViewController.m in Sources */,
				25FA7F0E14DB0E03001598C6 /* TETGlyphInfoViewController.m in Sources */,
				25FA7F1314DB26BF001598C6 /* TETDumperViewController.m in Sources */,
			);
			runOnlyForDeploymentPostprocessing = 0;
		};
/* End PBXSourcesBuildPhase section */

/* Begin PBXVariantGroup section */
		25FA7E1B14D9B92A001598C6 /* InfoPlist.strings */ = {
			isa = PBXVariantGroup;
			children = (
				25FA7E1C14D9B92A001598C6 /* en */,
				37CB97011C40569400171B76 /* ja */,
			);
			name = InfoPlist.strings;
			sourceTree = "<group>";
		};
		25FA7E2714D9B92A001598C6 /* TETViewController_iPhone.xib */ = {
			isa = PBXVariantGroup;
			children = (
				25FA7E2814D9B92A001598C6 /* en */,
				37CB97001C40569400171B76 /* ja */,
			);
			name = TETViewController_iPhone.xib;
			sourceTree = "<group>";
		};
/* End PBXVariantGroup section */

/* Begin XCBuildConfiguration section */
		25FA7E2D14D9B92A001598C6 /* Debug */ = {
			isa = XCBuildConfiguration;
			buildSettings = {
				ALWAYS_SEARCH_USER_PATHS = NO;
				CLANG_WARN_BOOL_CONVERSION = YES;
				CLANG_WARN_CONSTANT_CONVERSION = YES;
				CLANG_WARN_EMPTY_BODY = YES;
				CLANG_WARN_ENUM_CONVERSION = YES;
				CLANG_WARN_INT_CONVERSION = YES;
				CLANG_WARN__DUPLICATE_METHOD_MATCH = YES;
				"CODE_SIGN_IDENTITY[sdk=iphoneos*]" = "iPhone Developer";
				COPY_PHASE_STRIP = NO;
				DEBUG_INFORMATION_FORMAT = dwarf;
				ENABLE_TESTABILITY = YES;
				GCC_C_LANGUAGE_STANDARD = "compiler-default";
				GCC_DYNAMIC_NO_PIC = NO;
				GCC_OPTIMIZATION_LEVEL = 0;
				GCC_PREPROCESSOR_DEFINITIONS = (
					"DEBUG=1",
					"$(inherited)",
				);
				GCC_SYMBOLS_PRIVATE_EXTERN = NO;
				GCC_VERSION = "";
				GCC_WARN_64_TO_32_BIT_CONVERSION = YES;
				GCC_WARN_ABOUT_MISSING_PROTOTYPES = YES;
				GCC_WARN_ABOUT_RETURN_TYPE = YES;
				GCC_WARN_UNDECLARED_SELECTOR = YES;
				GCC_WARN_UNINITIALIZED_AUTOS = YES;
				GCC_WARN_UNUSED_FUNCTION = YES;
				GCC_WARN_UNUSED_VARIABLE = YES;
				IPHONEOS_DEPLOYMENT_TARGET = 6.0;
				ONLY_ACTIVE_ARCH = YES;
				SDKROOT = iphoneos;
				TARGETED_DEVICE_FAMILY = "1,2";
			};
			name = Debug;
		};
		25FA7E2E14D9B92A001598C6 /* Release */ = {
			isa = XCBuildConfiguration;
			buildSettings = {
				ALWAYS_SEARCH_USER_PATHS = NO;
				CLANG_WARN_BOOL_CONVERSION = YES;
				CLANG_WARN_CONSTANT_CONVERSION = YES;
				CLANG_WARN_EMPTY_BODY = YES;
				CLANG_WARN_ENUM_CONVERSION = YES;
				CLANG_WARN_INT_CONVERSION = YES;
				CLANG_WARN__DUPLICATE_METHOD_MATCH = YES;
				"CODE_SIGN_IDENTITY[sdk=iphoneos*]" = "iPhone Developer";
				COPY_PHASE_STRIP = YES;
				DEBUG_INFORMATION_FORMAT = dwarf;
				GCC_C_LANGUAGE_STANDARD = "compiler-default";
				GCC_VERSION = "";
				GCC_WARN_64_TO_32_BIT_CONVERSION = YES;
				GCC_WARN_ABOUT_MISSING_PROTOTYPES = YES;
				GCC_WARN_ABOUT_RETURN_TYPE = YES;
				GCC_WARN_UNDECLARED_SELECTOR = YES;
				GCC_WARN_UNINITIALIZED_AUTOS = YES;
				GCC_WARN_UNUSED_FUNCTION = YES;
				GCC_WARN_UNUSED_VARIABLE = YES;
				IPHONEOS_DEPLOYMENT_TARGET = 6.0;
				OTHER_CFLAGS = "";
				SDKROOT = iphoneos;
				TARGETED_DEVICE_FAMILY = "1,2";
				VALIDATE_PRODUCT = YES;
			};
			name = Release;
		};
		25FA7E3014D9B92A001598C6 /* Debug */ = {
			isa = XCBuildConfiguration;
			buildSettings = {
				CODE_SIGN_IDENTITY = "iPhone Developer";
				"CODE_SIGN_IDENTITY[sdk=iphoneos*]" = "iPhone Developer";
				ENABLE_BITCODE = YES;
				FRAMEWORK_SEARCH_PATHS = (
					"$(inherited)",
					"\"$(SRCROOT)\"",
					"\"$(SRCROOT)/../TET_ios\"",
				);
				GCC_PRECOMPILE_PREFIX_HEADER = YES;
				GCC_PREFIX_HEADER = "TET/TET-Prefix.pch";
				INFOPLIST_FILE = "TET/TET-Info.plist";
				IPHONEOS_DEPLOYMENT_TARGET = 9.3;
				PRODUCT_BUNDLE_IDENTIFIER = "com.pdflib.${PRODUCT_NAME:rfc1034identifier}";
				PRODUCT_NAME = "$(TARGET_NAME)";
				PROVISIONING_PROFILE = "";
				TARGETED_DEVICE_FAMILY = 1;
				WRAPPER_EXTENSION = app;
			};
			name = Debug;
		};
		25FA7E3114D9B92A001598C6 /* Release */ = {
			isa = XCBuildConfiguration;
			buildSettings = {
				CODE_SIGN_IDENTITY = "iPhone Developer";
				"CODE_SIGN_IDENTITY[sdk=iphoneos*]" = "iPhone Developer";
				ENABLE_BITCODE = YES;
				FRAMEWORK_SEARCH_PATHS = (
					"$(inherited)",
					"\"$(SRCROOT)\"",
					"\"$(SRCROOT)/../TET_ios\"",
				);
				GCC_PRECOMPILE_PREFIX_HEADER = YES;
				GCC_PREFIX_HEADER = "TET/TET-Prefix.pch";
				INFOPLIST_FILE = "TET/TET-Info.plist";
				IPHONEOS_DEPLOYMENT_TARGET = 9.3;
				PRODUCT_BUNDLE_IDENTIFIER = "com.pdflib.${PRODUCT_NAME:rfc1034identifier}";
				PRODUCT_NAME = "$(TARGET_NAME)";
				PROVISIONING_PROFILE = "";
				TARGETED_DEVICE_FAMILY = 1;
				WRAPPER_EXTENSION = app;
			};
			name = Release;
		};
/* End XCBuildConfiguration section */

/* Begin XCConfigurationList section */
		25FA7E0814D9B92A001598C6 /* Build configuration list for PBXProject "TET" */ = {
			isa = XCConfigurationList;
			buildConfigurations = (
				25FA7E2D14D9B92A001598C6 /* Debug */,
				25FA7E2E14D9B92A001598C6 /* Release */,
			);
			defaultConfigurationIsVisible = 0;
			defaultConfigurationName = Release;
		};
		25FA7E2F14D9B92A001598C6 /* Build configuration list for PBXNativeTarget "TET" */ = {
			isa = XCConfigurationList;
			buildConfigurations = (
				25FA7E3014D9B92A001598C6 /* Debug */,
				25FA7E3114D9B92A001598C6 /* Release */,
			);
			defaultConfigurationIsVisible = 0;
			defaultConfigurationName = Release;
		};
/* End XCConfigurationList section */
	};
	rootObject = 25FA7E0514D9B92A001598C6 /* Project object */;
}
