// !$*UTF8*$!
{
	archiveVersion = 1;
	classes = {
	};
	objectVersion = 46;
	objects = {

/* Begin PBXBuildFile section */
		370ACDFB1BDF486700AB73EB /* AppDelegate.swift in Sources */ = {isa = PBXBuildFile; fileRef = 370ACDFA1BDF486700AB73EB /* AppDelegate.swift */; };
		370ACDFD1BDF486700AB73EB /* MonthlySalaryShow.swift in Sources */ = {isa = PBXBuildFile; fileRef = 370ACDFC1BDF486700AB73EB /* MonthlySalaryShow.swift */; };
		370ACE021BDF486700AB73EB /* Assets.xcassets in Resources */ = {isa = PBXBuildFile; fileRef = 370ACE011BDF486700AB73EB /* Assets.xcassets */; };
		370ACE051BDF486700AB73EB /* LaunchScreen.storyboard in Resources */ = {isa = PBXBuildFile; fileRef = 370ACE031BDF486700AB73EB /* LaunchScreen.storyboard */; };
		370ACE441BDF573500AB73EB /* DB.swift in Sources */ = {isa = PBXBuildFile; fileRef = 370ACE431BDF573500AB73EB /* DB.swift */; };
		370ACE4A1BDF9C8A00AB73EB /* DBmethod.swift in Sources */ = {isa = PBXBuildFile; fileRef = 370ACE491BDF9C8A00AB73EB /* DBmethod.swift */; };
		371432A81BE98F060088CDCC /* ShiftImport.swift in Sources */ = {isa = PBXBuildFile; fileRef = 371432A71BE98F060088CDCC /* ShiftImport.swift */; };
		3718FEF41FF865A400C06E20 /* libz.1.dylib in Frameworks */ = {isa = PBXBuildFile; fileRef = 3742AF551C12D8D1003AB33B /* libz.1.dylib */; };
		371D62441D5EE79500057416 /* PDFmethod.swift in Sources */ = {isa = PBXBuildFile; fileRef = 371D62431D5EE79500057416 /* PDFmethod.swift */; };
		371DE5151C5DBD4D0058F73B /* Setting.swift in Sources */ = {isa = PBXBuildFile; fileRef = 371DE5141C5DBD4D0058F73B /* Setting.swift */; };
		371E8C311C8557BF006B7C8C /* sampleshift.pdf in Resources */ = {isa = PBXBuildFile; fileRef = 371E8C2F1C8557BF006B7C8C /* sampleshift.pdf */; };
		371E8C321C8557BF006B7C8C /* sampleshift.xlsx in Resources */ = {isa = PBXBuildFile; fileRef = 371E8C301C8557BF006B7C8C /* sampleshift.xlsx */; };
		3721B1171C51499D0002A373 /* Utility.swift in Sources */ = {isa = PBXBuildFile; fileRef = 3721B1161C51499D0002A373 /* Utility.swift */; };
		3726B3941C2FF7F400F22F34 /* QuartzCore.framework in Frameworks */ = {isa = PBXBuildFile; fileRef = 3726B3931C2FF7F400F22F34 /* QuartzCore.framework */; };
		3726B39A1C30009700F22F34 /* CalenderViewController.swift in Sources */ = {isa = PBXBuildFile; fileRef = 3726B3991C30009700F22F34 /* CalenderViewController.swift */; };
		373C10EB1C5E049D0082CB8E /* StaffNameListSetting.swift in Sources */ = {isa = PBXBuildFile; fileRef = 373C10EA1C5E049D0082CB8E /* StaffNameListSetting.swift */; };
		373C10EF1C5E04D10082CB8E /* ShiftNameListSetting.swift in Sources */ = {isa = PBXBuildFile; fileRef = 373C10EE1C5E04D10082CB8E /* ShiftNameListSetting.swift */; };
		373C10F11C5E05010082CB8E /* ShiftListSetting.swift in Sources */ = {isa = PBXBuildFile; fileRef = 373C10F01C5E05010082CB8E /* ShiftListSetting.swift */; };
		3742AF901C130391003AB33B /* libXlsxReaderWriter.a in Frameworks */ = {isa = PBXBuildFile; fileRef = 3742AF8B1C130360003AB33B /* libXlsxReaderWriter.a */; };
		374977C51D5F57DD005DE58B /* 8.11〜.pdf in Resources */ = {isa = PBXBuildFile; fileRef = 374977C41D5F57DD005DE58B /* 8.11〜.pdf */; };
		374977CE1D5F580D005DE58B /* 4.11〜.pdf in Resources */ = {isa = PBXBuildFile; fileRef = 374977C81D5F580D005DE58B /* 4.11〜.pdf */; };
		374977CF1D5F580D005DE58B /* 1.11〜.pdf in Resources */ = {isa = PBXBuildFile; fileRef = 374977C91D5F580D005DE58B /* 1.11〜.pdf */; };
		374977D01D5F580D005DE58B /* 2.11〜.pdf in Resources */ = {isa = PBXBuildFile; fileRef = 374977CA1D5F580D005DE58B /* 2.11〜.pdf */; };
		374977D11D5F580D005DE58B /* 5.11〜.pdf in Resources */ = {isa = PBXBuildFile; fileRef = 374977CB1D5F580D005DE58B /* 5.11〜.pdf */; };
		374977D21D5F580D005DE58B /* 6.11〜.pdf in Resources */ = {isa = PBXBuildFile; fileRef = 374977CC1D5F580D005DE58B /* 6.11〜.pdf */; };
		374977D31D5F580D005DE58B /* 7.11〜.pdf in Resources */ = {isa = PBXBuildFile; fileRef = 374977CD1D5F580D005DE58B /* 7.11〜.pdf */; };
		37526DD21CDC4ECB00F180DA /* FileBrowse.swift in Sources */ = {isa = PBXBuildFile; fileRef = 37526DD11CDC4ECB00F180DA /* FileBrowse.swift */; };
		376C92D61BE695D000D45FC2 /* extentions.swift in Sources */ = {isa = PBXBuildFile; fileRef = 376C92D51BE695D000D45FC2 /* extentions.swift */; };
		377D2DBB1C37EFE6009CC388 /* FileBrowseSelect.swift in Sources */ = {isa = PBXBuildFile; fileRef = 377D2DBA1C37EFE5009CC388 /* FileBrowseSelect.swift */; };
		379955951C14431F00BAAD9E /* XLSXmethod.swift in Sources */ = {isa = PBXBuildFile; fileRef = 379955941C14431F00BAAD9E /* XLSXmethod.swift */; };
		37A597261CD57F0A00D43D35 /* LaunchScreenImage.png in Resources */ = {isa = PBXBuildFile; fileRef = 37A597251CD57F0A00D43D35 /* LaunchScreenImage.png */; };
		37A6F9BE1CDE66FA004863FE /* ShiftImportSetting.swift in Sources */ = {isa = PBXBuildFile; fileRef = 37A6F9BD1CDE66FA004863FE /* ShiftImportSetting.swift */; };
		37A76F9B1D6A28AA00ED7AEA /* Maintenance.swift in Sources */ = {isa = PBXBuildFile; fileRef = 37A76F9A1D6A28AA00ED7AEA /* Maintenance.swift */; };
		37C8B2401CD4E29D001E3766 /* OriginUITabBarController.swift in Sources */ = {isa = PBXBuildFile; fileRef = 37C8B23F1CD4E29D001E3766 /* OriginUITabBarController.swift */; };
		37D4B3101BE0F59900F06759 /* HourlyWageSetting.swift in Sources */ = {isa = PBXBuildFile; fileRef = 37D4B30F1BE0F59900F06759 /* HourlyWageSetting.swift */; };
		37DD8EFF1C1C29FF007C0E6C /* Main.storyboard in Resources */ = {isa = PBXBuildFile; fileRef = 370ACDFE1BDF486700AB73EB /* Main.storyboard */; };
		37F75CBF1C3F1E4C0075F9FD /* TET_ios.framework in Frameworks */ = {isa = PBXBuildFile; fileRef = 37F75CB61C3F1B610075F9FD /* TET_ios.framework */; };
		37F75CC01C3F1E650075F9FD /* libstdc++.6.0.9.tbd in Frameworks */ = {isa = PBXBuildFile; fileRef = 37F75CBD1C3F1C270075F9FD /* libstdc++.6.0.9.tbd */; };
		490FD6C287F4CD3D17370479 /* Pods_masamon.framework in Frameworks */ = {isa = PBXBuildFile; fileRef = 3FB65C1733F9DC817ECE7C1E /* Pods_masamon.framework */; };
/* End PBXBuildFile section */

/* Begin PBXContainerItemProxy section */
		3742AF8A1C130360003AB33B /* PBXContainerItemProxy */ = {
			isa = PBXContainerItemProxy;
			containerPortal = 3742AF831C130360003AB33B /* XlsxReaderWriter.xcodeproj */;
			proxyType = 2;
			remoteGlobalIDString = 45B6E23A1A148F7500288A78;
			remoteInfo = XlsxReaderWriter;
		};
		3742AF8C1C130360003AB33B /* PBXContainerItemProxy */ = {
			isa = PBXContainerItemProxy;
			containerPortal = 3742AF831C130360003AB33B /* XlsxReaderWriter.xcodeproj */;
			proxyType = 2;
			remoteGlobalIDString = 45B6E2451A148F7500288A78;
			remoteInfo = XlsxReaderWriterTests;
		};
		3742AF911C130494003AB33B /* PBXContainerItemProxy */ = {
			isa = PBXContainerItemProxy;
			containerPortal = 3742AF831C130360003AB33B /* XlsxReaderWriter.xcodeproj */;
			proxyType = 1;
			remoteGlobalIDString = 45B6E2391A148F7500288A78;
			remoteInfo = XlsxReaderWriter;
		};
		37F75CB11C3F19CE0075F9FD /* PBXContainerItemProxy */ = {
			isa = PBXContainerItemProxy;
			containerPortal = 37F75CAD1C3F19CE0075F9FD /* TET.xcodeproj */;
			proxyType = 2;
			remoteGlobalIDString = 25FA7E0E14D9B92A001598C6;
			remoteInfo = TET;
		};
/* End PBXContainerItemProxy section */

/* Begin PBXCopyFilesBuildPhase section */
		371D926C1F723CF10090325C /* Embed Frameworks */ = {
			isa = PBXCopyFilesBuildPhase;
			buildActionMask = 2147483647;
			dstPath = "";
			dstSubfolderSpec = 10;
			files = (
			);
			name = "Embed Frameworks";
			runOnlyForDeploymentPostprocessing = 0;
		};
		37F1E2A21BF21126000A22B0 /* Embed App Extensions */ = {
			isa = PBXCopyFilesBuildPhase;
			buildActionMask = 2147483647;
			dstPath = "";
			dstSubfolderSpec = 13;
			files = (
			);
			name = "Embed App Extensions";
			runOnlyForDeploymentPostprocessing = 0;
		};
/* End PBXCopyFilesBuildPhase section */

/* Begin PBXFileReference section */
		370ACDF71BDF486600AB73EB /* masamon.app */ = {isa = PBXFileReference; explicitFileType = wrapper.application; includeInIndex = 0; path = masamon.app; sourceTree = BUILT_PRODUCTS_DIR; };
		370ACDFA1BDF486700AB73EB /* AppDelegate.swift */ = {isa = PBXFileReference; lastKnownFileType = sourcecode.swift; path = AppDelegate.swift; sourceTree = "<group>"; };
		370ACDFC1BDF486700AB73EB /* MonthlySalaryShow.swift */ = {isa = PBXFileReference; lastKnownFileType = sourcecode.swift; path = MonthlySalaryShow.swift; sourceTree = "<group>"; };
		370ACDFF1BDF486700AB73EB /* Base */ = {isa = PBXFileReference; lastKnownFileType = file.storyboard; name = Base; path = Base.lproj/Main.storyboard; sourceTree = "<group>"; };
		370ACE011BDF486700AB73EB /* Assets.xcassets */ = {isa = PBXFileReference; lastKnownFileType = folder.assetcatalog; path = Assets.xcassets; sourceTree = "<group>"; };
		370ACE041BDF486700AB73EB /* Base */ = {isa = PBXFileReference; lastKnownFileType = file.storyboard; name = Base; path = Base.lproj/LaunchScreen.storyboard; sourceTree = "<group>"; };
		370ACE061BDF486700AB73EB /* Info.plist */ = {isa = PBXFileReference; lastKnownFileType = text.plist.xml; path = Info.plist; sourceTree = "<group>"; };
		370ACE431BDF573500AB73EB /* DB.swift */ = {isa = PBXFileReference; fileEncoding = 4; lastKnownFileType = sourcecode.swift; path = DB.swift; sourceTree = "<group>"; };
		370ACE491BDF9C8A00AB73EB /* DBmethod.swift */ = {isa = PBXFileReference; fileEncoding = 4; lastKnownFileType = sourcecode.swift; path = DBmethod.swift; sourceTree = "<group>"; };
		371432A71BE98F060088CDCC /* ShiftImport.swift */ = {isa = PBXFileReference; fileEncoding = 4; lastKnownFileType = sourcecode.swift; path = ShiftImport.swift; sourceTree = "<group>"; };
		371D62431D5EE79500057416 /* PDFmethod.swift */ = {isa = PBXFileReference; fileEncoding = 4; lastKnownFileType = sourcecode.swift; path = PDFmethod.swift; sourceTree = "<group>"; };
		371DE5141C5DBD4D0058F73B /* Setting.swift */ = {isa = PBXFileReference; fileEncoding = 4; lastKnownFileType = sourcecode.swift; path = Setting.swift; sourceTree = "<group>"; };
		371E8C2F1C8557BF006B7C8C /* sampleshift.pdf */ = {isa = PBXFileReference; lastKnownFileType = image.pdf; path = sampleshift.pdf; sourceTree = "<group>"; };
		371E8C301C8557BF006B7C8C /* sampleshift.xlsx */ = {isa = PBXFileReference; lastKnownFileType = file; path = sampleshift.xlsx; sourceTree = "<group>"; };
		3721B1161C51499D0002A373 /* Utility.swift */ = {isa = PBXFileReference; fileEncoding = 4; lastKnownFileType = sourcecode.swift; path = Utility.swift; sourceTree = "<group>"; };
		3726B3931C2FF7F400F22F34 /* QuartzCore.framework */ = {isa = PBXFileReference; lastKnownFileType = wrapper.framework; name = QuartzCore.framework; path = System/Library/Frameworks/QuartzCore.framework; sourceTree = SDKROOT; };
		3726B3991C30009700F22F34 /* CalenderViewController.swift */ = {isa = PBXFileReference; fileEncoding = 4; lastKnownFileType = sourcecode.swift; path = CalenderViewController.swift; sourceTree = "<group>"; };
		373C10EA1C5E049D0082CB8E /* StaffNameListSetting.swift */ = {isa = PBXFileReference; fileEncoding = 4; lastKnownFileType = sourcecode.swift; path = StaffNameListSetting.swift; sourceTree = "<group>"; };
		373C10EE1C5E04D10082CB8E /* ShiftNameListSetting.swift */ = {isa = PBXFileReference; fileEncoding = 4; lastKnownFileType = sourcecode.swift; path = ShiftNameListSetting.swift; sourceTree = "<group>"; };
		373C10F01C5E05010082CB8E /* ShiftListSetting.swift */ = {isa = PBXFileReference; fileEncoding = 4; lastKnownFileType = sourcecode.swift; path = ShiftListSetting.swift; sourceTree = "<group>"; };
		3742AF551C12D8D1003AB33B /* libz.1.dylib */ = {isa = PBXFileReference; lastKnownFileType = "compiled.mach-o.dylib"; name = libz.1.dylib; path = ../../../../../../usr/lib/libz.1.dylib; sourceTree = "<group>"; };
		3742AF831C130360003AB33B /* XlsxReaderWriter.xcodeproj */ = {isa = PBXFileReference; lastKnownFileType = "wrapper.pb-project"; name = XlsxReaderWriter.xcodeproj; path = "XlsxReaderWriter-master/XlsxReaderWriter.xcodeproj"; sourceTree = "<group>"; };
		374977C41D5F57DD005DE58B /* 8.11〜.pdf */ = {isa = PBXFileReference; lastKnownFileType = image.pdf; path = "8.11〜.pdf"; sourceTree = "<group>"; };
		374977C81D5F580D005DE58B /* 4.11〜.pdf */ = {isa = PBXFileReference; lastKnownFileType = image.pdf; path = "4.11〜.pdf"; sourceTree = "<group>"; };
		374977C91D5F580D005DE58B /* 1.11〜.pdf */ = {isa = PBXFileReference; lastKnownFileType = image.pdf; path = "1.11〜.pdf"; sourceTree = "<group>"; };
		374977CA1D5F580D005DE58B /* 2.11〜.pdf */ = {isa = PBXFileReference; lastKnownFileType = image.pdf; path = "2.11〜.pdf"; sourceTree = "<group>"; };
		374977CB1D5F580D005DE58B /* 5.11〜.pdf */ = {isa = PBXFileReference; lastKnownFileType = image.pdf; path = "5.11〜.pdf"; sourceTree = "<group>"; };
		374977CC1D5F580D005DE58B /* 6.11〜.pdf */ = {isa = PBXFileReference; lastKnownFileType = image.pdf; path = "6.11〜.pdf"; sourceTree = "<group>"; };
		374977CD1D5F580D005DE58B /* 7.11〜.pdf */ = {isa = PBXFileReference; lastKnownFileType = image.pdf; path = "7.11〜.pdf"; sourceTree = "<group>"; };
		37526DD11CDC4ECB00F180DA /* FileBrowse.swift */ = {isa = PBXFileReference; fileEncoding = 4; lastKnownFileType = sourcecode.swift; path = FileBrowse.swift; sourceTree = "<group>"; };
		376C92D51BE695D000D45FC2 /* extentions.swift */ = {isa = PBXFileReference; fileEncoding = 4; lastKnownFileType = sourcecode.swift; path = extentions.swift; sourceTree = "<group>"; };
		377D2DAA1C36BFD2009CC388 /* GradientCircularProgress.framework */ = {isa = PBXFileReference; lastKnownFileType = wrapper.framework; name = GradientCircularProgress.framework; path = "Pods/../build/Debug-iphoneos/GradientCircularProgress.framework"; sourceTree = "<group>"; };
		377D2DAF1C36C14A009CC388 /* GradientCircularProgress.framework */ = {isa = PBXFileReference; lastKnownFileType = wrapper.framework; name = GradientCircularProgress.framework; path = "Pods/../build/Debug-iphoneos/GradientCircularProgress.framework"; sourceTree = "<group>"; };
		377D2DBA1C37EFE5009CC388 /* FileBrowseSelect.swift */ = {isa = PBXFileReference; fileEncoding = 4; lastKnownFileType = sourcecode.swift; path = FileBrowseSelect.swift; sourceTree = "<group>"; };
		3797D5CE1D91B0A1005CBE3E /* Realm.framework */ = {isa = PBXFileReference; lastKnownFileType = wrapper.framework; name = Realm.framework; path = "../../../../Downloads/realm-swift-1.1.0/ios/swift-3.0/Realm.framework"; sourceTree = "<group>"; };
		3797D5CF1D91B0A1005CBE3E /* RealmSwift.framework */ = {isa = PBXFileReference; lastKnownFileType = wrapper.framework; name = RealmSwift.framework; path = "../../../../Downloads/realm-swift-1.1.0/ios/swift-3.0/RealmSwift.framework"; sourceTree = "<group>"; };
		379955941C14431F00BAAD9E /* XLSXmethod.swift */ = {isa = PBXFileReference; fileEncoding = 4; lastKnownFileType = sourcecode.swift; path = XLSXmethod.swift; sourceTree = "<group>"; };
		37A597251CD57F0A00D43D35 /* LaunchScreenImage.png */ = {isa = PBXFileReference; lastKnownFileType = image.png; path = LaunchScreenImage.png; sourceTree = "<group>"; };
		37A6F9BD1CDE66FA004863FE /* ShiftImportSetting.swift */ = {isa = PBXFileReference; fileEncoding = 4; lastKnownFileType = sourcecode.swift; path = ShiftImportSetting.swift; sourceTree = "<group>"; };
		37A76F9A1D6A28AA00ED7AEA /* Maintenance.swift */ = {isa = PBXFileReference; fileEncoding = 4; lastKnownFileType = sourcecode.swift; path = Maintenance.swift; sourceTree = "<group>"; };
		37C8B23F1CD4E29D001E3766 /* OriginUITabBarController.swift */ = {isa = PBXFileReference; fileEncoding = 4; lastKnownFileType = sourcecode.swift; path = OriginUITabBarController.swift; sourceTree = "<group>"; };
		37CB96FE1C40569400171B76 /* ja */ = {isa = PBXFileReference; lastKnownFileType = text.plist.strings; name = ja; path = ja.lproj/Main.strings; sourceTree = "<group>"; };
		37CB96FF1C40569400171B76 /* ja */ = {isa = PBXFileReference; lastKnownFileType = text.plist.strings; name = ja; path = ja.lproj/LaunchScreen.strings; sourceTree = "<group>"; };
		37D4B30F1BE0F59900F06759 /* HourlyWageSetting.swift */ = {isa = PBXFileReference; fileEncoding = 4; lastKnownFileType = sourcecode.swift; path = HourlyWageSetting.swift; sourceTree = "<group>"; };
		37F75CAD1C3F19CE0075F9FD /* TET.xcodeproj */ = {isa = PBXFileReference; lastKnownFileType = "wrapper.pb-project"; name = TET.xcodeproj; path = TET/sample_app/TET.xcodeproj; sourceTree = "<group>"; };
		37F75CB31C3F1A7D0075F9FD /* libstdc++.6.0.9.dylib */ = {isa = PBXFileReference; lastKnownFileType = "compiled.mach-o.dylib"; name = "libstdc++.6.0.9.dylib"; path = "../../../../../../usr/lib/libstdc++.6.0.9.dylib"; sourceTree = "<group>"; };
		37F75CB51C3F1AEE0075F9FD /* masamon-Bridging-Header.h */ = {isa = PBXFileReference; fileEncoding = 4; lastKnownFileType = sourcecode.c.h; path = "masamon-Bridging-Header.h"; sourceTree = "<group>"; };
		37F75CB61C3F1B610075F9FD /* TET_ios.framework */ = {isa = PBXFileReference; lastKnownFileType = wrapper.framework; name = TET_ios.framework; path = TET/TET_ios/TET_ios.framework; sourceTree = "<group>"; };
		37F75CBD1C3F1C270075F9FD /* libstdc++.6.0.9.tbd */ = {isa = PBXFileReference; lastKnownFileType = "sourcecode.text-based-dylib-definition"; name = "libstdc++.6.0.9.tbd"; path = "usr/lib/libstdc++.6.0.9.tbd"; sourceTree = SDKROOT; };
		3FB65C1733F9DC817ECE7C1E /* Pods_masamon.framework */ = {isa = PBXFileReference; explicitFileType = wrapper.framework; includeInIndex = 0; path = Pods_masamon.framework; sourceTree = BUILT_PRODUCTS_DIR; };
		97ECC2764EE614BF6022FAAD /* Pods-masamon.release.xcconfig */ = {isa = PBXFileReference; includeInIndex = 1; lastKnownFileType = text.xcconfig; name = "Pods-masamon.release.xcconfig"; path = "Pods/Target Support Files/Pods-masamon/Pods-masamon.release.xcconfig"; sourceTree = "<group>"; };
		B54718201B4AD485E835042F /* Pods-masamon.debug.xcconfig */ = {isa = PBXFileReference; includeInIndex = 1; lastKnownFileType = text.xcconfig; name = "Pods-masamon.debug.xcconfig"; path = "Pods/Target Support Files/Pods-masamon/Pods-masamon.debug.xcconfig"; sourceTree = "<group>"; };
/* End PBXFileReference section */

/* Begin PBXFrameworksBuildPhase section */
		370ACDF41BDF486600AB73EB /* Frameworks */ = {
			isa = PBXFrameworksBuildPhase;
			buildActionMask = 2147483647;
			files = (
				37F75CC01C3F1E650075F9FD /* libstdc++.6.0.9.tbd in Frameworks */,
				3726B3941C2FF7F400F22F34 /* QuartzCore.framework in Frameworks */,
				37F75CBF1C3F1E4C0075F9FD /* TET_ios.framework in Frameworks */,
				3742AF901C130391003AB33B /* libXlsxReaderWriter.a in Frameworks */,
				3718FEF41FF865A400C06E20 /* libz.1.dylib in Frameworks */,
				490FD6C287F4CD3D17370479 /* Pods_masamon.framework in Frameworks */,
			);
			runOnlyForDeploymentPostprocessing = 0;
		};
/* End PBXFrameworksBuildPhase section */

/* Begin PBXGroup section */
		370ACDEE1BDF486600AB73EB = {
			isa = PBXGroup;
			children = (
				37A597251CD57F0A00D43D35 /* LaunchScreenImage.png */,
				371E8C2C1C85579F006B7C8C /* sampleshift */,
				37F75CB51C3F1AEE0075F9FD /* masamon-Bridging-Header.h */,
				37F75CAD1C3F19CE0075F9FD /* TET.xcodeproj */,
				3726B3931C2FF7F400F22F34 /* QuartzCore.framework */,
				3742AF831C130360003AB33B /* XlsxReaderWriter.xcodeproj */,
				3742AF551C12D8D1003AB33B /* libz.1.dylib */,
				370ACDF91BDF486600AB73EB /* masamon */,
				370ACDF81BDF486600AB73EB /* Products */,
				7423B7CBCF975D0B30BA5249 /* Frameworks */,
				E54026D95886FFBECAB48A22 /* Pods */,
			);
			sourceTree = "<group>";
		};
		370ACDF81BDF486600AB73EB /* Products */ = {
			isa = PBXGroup;
			children = (
				370ACDF71BDF486600AB73EB /* masamon.app */,
			);
			name = Products;
			sourceTree = "<group>";
		};
		370ACDF91BDF486600AB73EB /* masamon */ = {
			isa = PBXGroup;
			children = (
				370ACDFA1BDF486700AB73EB /* AppDelegate.swift */,
				37C8B23F1CD4E29D001E3766 /* OriginUITabBarController.swift */,
				370ACDFC1BDF486700AB73EB /* MonthlySalaryShow.swift */,
				37A76F9A1D6A28AA00ED7AEA /* Maintenance.swift */,
				3721B1161C51499D0002A373 /* Utility.swift */,
				3726B3991C30009700F22F34 /* CalenderViewController.swift */,
				376C92D51BE695D000D45FC2 /* extentions.swift */,
				370ACE431BDF573500AB73EB /* DB.swift */,
				370ACE491BDF9C8A00AB73EB /* DBmethod.swift */,
				370ACDFE1BDF486700AB73EB /* Main.storyboard */,
				37A6F9BD1CDE66FA004863FE /* ShiftImportSetting.swift */,
				373C10F01C5E05010082CB8E /* ShiftListSetting.swift */,
				373C10EE1C5E04D10082CB8E /* ShiftNameListSetting.swift */,
				373C10EA1C5E049D0082CB8E /* StaffNameListSetting.swift */,
				37D4B30F1BE0F59900F06759 /* HourlyWageSetting.swift */,
				371DE5141C5DBD4D0058F73B /* Setting.swift */,
				37526DD11CDC4ECB00F180DA /* FileBrowse.swift */,
				377D2DBA1C37EFE5009CC388 /* FileBrowseSelect.swift */,
				379955941C14431F00BAAD9E /* XLSXmethod.swift */,
				371D62431D5EE79500057416 /* PDFmethod.swift */,
				371432A71BE98F060088CDCC /* ShiftImport.swift */,
				370ACE011BDF486700AB73EB /* Assets.xcassets */,
				370ACE031BDF486700AB73EB /* LaunchScreen.storyboard */,
				370ACE061BDF486700AB73EB /* Info.plist */,
			);
			path = masamon;
			sourceTree = "<group>";
		};
		371E8C2C1C85579F006B7C8C /* sampleshift */ = {
			isa = PBXGroup;
			children = (
				371E8C2F1C8557BF006B7C8C /* sampleshift.pdf */,
				374977C81D5F580D005DE58B /* 4.11〜.pdf */,
				374977C91D5F580D005DE58B /* 1.11〜.pdf */,
				374977CA1D5F580D005DE58B /* 2.11〜.pdf */,
				374977CB1D5F580D005DE58B /* 5.11〜.pdf */,
				374977CC1D5F580D005DE58B /* 6.11〜.pdf */,
				374977CD1D5F580D005DE58B /* 7.11〜.pdf */,
				374977C41D5F57DD005DE58B /* 8.11〜.pdf */,
				371E8C301C8557BF006B7C8C /* sampleshift.xlsx */,
			);
			name = sampleshift;
			sourceTree = "<group>";
		};
		3742AF841C130360003AB33B /* Products */ = {
			isa = PBXGroup;
			children = (
				3742AF8B1C130360003AB33B /* libXlsxReaderWriter.a */,
				3742AF8D1C130360003AB33B /* XlsxReaderWriterTests.xctest */,
			);
			name = Products;
			sourceTree = "<group>";
		};
		37F75CAE1C3F19CE0075F9FD /* Products */ = {
			isa = PBXGroup;
			children = (
				37F75CB21C3F19CE0075F9FD /* TET.app */,
			);
			name = Products;
			sourceTree = "<group>";
		};
		7423B7CBCF975D0B30BA5249 /* Frameworks */ = {
			isa = PBXGroup;
			children = (
				3797D5CE1D91B0A1005CBE3E /* Realm.framework */,
				3797D5CF1D91B0A1005CBE3E /* RealmSwift.framework */,
				37F75CBD1C3F1C270075F9FD /* libstdc++.6.0.9.tbd */,
				37F75CB61C3F1B610075F9FD /* TET_ios.framework */,
				37F75CB31C3F1A7D0075F9FD /* libstdc++.6.0.9.dylib */,
				377D2DAF1C36C14A009CC388 /* GradientCircularProgress.framework */,
				377D2DAA1C36BFD2009CC388 /* GradientCircularProgress.framework */,
				3FB65C1733F9DC817ECE7C1E /* Pods_masamon.framework */,
			);
			name = Frameworks;
			sourceTree = "<group>";
		};
		E54026D95886FFBECAB48A22 /* Pods */ = {
			isa = PBXGroup;
			children = (
				B54718201B4AD485E835042F /* Pods-masamon.debug.xcconfig */,
				97ECC2764EE614BF6022FAAD /* Pods-masamon.release.xcconfig */,
			);
			name = Pods;
			sourceTree = "<group>";
		};
/* End PBXGroup section */

/* Begin PBXNativeTarget section */
		370ACDF61BDF486600AB73EB /* masamon */ = {
			isa = PBXNativeTarget;
			buildConfigurationList = 370ACE1F1BDF486700AB73EB /* Build configuration list for PBXNativeTarget "masamon" */;
			buildPhases = (
				A91B6CD2FB3CE90696098E10 /* [CP] Check Pods Manifest.lock */,
				370ACDF31BDF486600AB73EB /* Sources */,
				370ACDF41BDF486600AB73EB /* Frameworks */,
				370ACDF51BDF486600AB73EB /* Resources */,
				37F1E2A21BF21126000A22B0 /* Embed App Extensions */,
				C4617B4701E76F1597B4125B /* [CP] Embed Pods Frameworks */,
				A975A4C60C420D6F07C39A08 /* [CP] Copy Pods Resources */,
				371D926C1F723CF10090325C /* Embed Frameworks */,
			);
			buildRules = (
			);
			dependencies = (
				3742AF921C130494003AB33B /* PBXTargetDependency */,
			);
			name = masamon;
			productName = masamon;
			productReference = 370ACDF71BDF486600AB73EB /* masamon.app */;
			productType = "com.apple.product-type.application";
		};
/* End PBXNativeTarget section */

/* Begin PBXProject section */
		370ACDEF1BDF486600AB73EB /* Project object */ = {
			isa = PBXProject;
			attributes = {
				LastSwiftUpdateCheck = 0710;
				LastUpgradeCheck = 0920;
				ORGANIZATIONNAME = Kenta;
				TargetAttributes = {
					370ACDF61BDF486600AB73EB = {
						CreatedOnToolsVersion = 7.1;
						DevelopmentTeam = TLVYAZUQZL;
						LastSwiftMigration = 0900;
					};
				};
			};
			buildConfigurationList = 370ACDF21BDF486600AB73EB /* Build configuration list for PBXProject "masamon" */;
			compatibilityVersion = "Xcode 3.2";
			developmentRegion = English;
			hasScannedForEncodings = 0;
			knownRegions = (
				en,
				Base,
			);
			mainGroup = 370ACDEE1BDF486600AB73EB;
			productRefGroup = 370ACDF81BDF486600AB73EB /* Products */;
			projectDirPath = "";
			projectReferences = (
				{
					ProductGroup = 37F75CAE1C3F19CE0075F9FD /* Products */;
					ProjectRef = 37F75CAD1C3F19CE0075F9FD /* TET.xcodeproj */;
				},
				{
					ProductGroup = 3742AF841C130360003AB33B /* Products */;
					ProjectRef = 3742AF831C130360003AB33B /* XlsxReaderWriter.xcodeproj */;
				},
			);
			projectRoot = "";
			targets = (
				370ACDF61BDF486600AB73EB /* masamon */,
			);
		};
/* End PBXProject section */

/* Begin PBXReferenceProxy section */
		3742AF8B1C130360003AB33B /* libXlsxReaderWriter.a */ = {
			isa = PBXReferenceProxy;
			fileType = archive.ar;
			path = libXlsxReaderWriter.a;
			remoteRef = 3742AF8A1C130360003AB33B /* PBXContainerItemProxy */;
			sourceTree = BUILT_PRODUCTS_DIR;
		};
		3742AF8D1C130360003AB33B /* XlsxReaderWriterTests.xctest */ = {
			isa = PBXReferenceProxy;
			fileType = wrapper.cfbundle;
			path = XlsxReaderWriterTests.xctest;
			remoteRef = 3742AF8C1C130360003AB33B /* PBXContainerItemProxy */;
			sourceTree = BUILT_PRODUCTS_DIR;
		};
		37F75CB21C3F19CE0075F9FD /* TET.app */ = {
			isa = PBXReferenceProxy;
			fileType = wrapper.application;
			path = TET.app;
			remoteRef = 37F75CB11C3F19CE0075F9FD /* PBXContainerItemProxy */;
			sourceTree = BUILT_PRODUCTS_DIR;
		};
/* End PBXReferenceProxy section */

/* Begin PBXResourcesBuildPhase section */
		370ACDF51BDF486600AB73EB /* Resources */ = {
			isa = PBXResourcesBuildPhase;
			buildActionMask = 2147483647;
			files = (
				37A597261CD57F0A00D43D35 /* LaunchScreenImage.png in Resources */,
				370ACE051BDF486700AB73EB /* LaunchScreen.storyboard in Resources */,
				374977CF1D5F580D005DE58B /* 1.11〜.pdf in Resources */,
				374977D21D5F580D005DE58B /* 6.11〜.pdf in Resources */,
				374977D01D5F580D005DE58B /* 2.11〜.pdf in Resources */,
				374977CE1D5F580D005DE58B /* 4.11〜.pdf in Resources */,
				371E8C311C8557BF006B7C8C /* sampleshift.pdf in Resources */,
				371E8C321C8557BF006B7C8C /* sampleshift.xlsx in Resources */,
				374977D31D5F580D005DE58B /* 7.11〜.pdf in Resources */,
				374977D11D5F580D005DE58B /* 5.11〜.pdf in Resources */,
				37DD8EFF1C1C29FF007C0E6C /* Main.storyboard in Resources */,
				370ACE021BDF486700AB73EB /* Assets.xcassets in Resources */,
				374977C51D5F57DD005DE58B /* 8.11〜.pdf in Resources */,
			);
			runOnlyForDeploymentPostprocessing = 0;
		};
/* End PBXResourcesBuildPhase section */

/* Begin PBXShellScriptBuildPhase section */
		A91B6CD2FB3CE90696098E10 /* [CP] Check Pods Manifest.lock */ = {
			isa = PBXShellScriptBuildPhase;
			buildActionMask = 2147483647;
			files = (
			);
			inputPaths = (
				"${PODS_PODFILE_DIR_PATH}/Podfile.lock",
				"${PODS_ROOT}/Manifest.lock",
			);
			name = "[CP] Check Pods Manifest.lock";
			outputPaths = (
				"$(DERIVED_FILE_DIR)/Pods-masamon-checkManifestLockResult.txt",
			);
			runOnlyForDeploymentPostprocessing = 0;
			shellPath = /bin/sh;
			shellScript = "diff \"${PODS_PODFILE_DIR_PATH}/Podfile.lock\" \"${PODS_ROOT}/Manifest.lock\" > /dev/null\nif [ $? != 0 ] ; then\n    # print error to STDERR\n    echo \"error: The sandbox is not in sync with the Podfile.lock. Run 'pod install' or update your CocoaPods installation.\" >&2\n    exit 1\nfi\n# This output is used by Xcode 'outputs' to avoid re-running this script phase.\necho \"SUCCESS\" > \"${SCRIPT_OUTPUT_FILE_0}\"\n";
			showEnvVarsInLog = 0;
		};
		A975A4C60C420D6F07C39A08 /* [CP] Copy Pods Resources */ = {
			isa = PBXShellScriptBuildPhase;
			buildActionMask = 2147483647;
			files = (
			);
			inputPaths = (
			);
			name = "[CP] Copy Pods Resources";
			outputPaths = (
			);
			runOnlyForDeploymentPostprocessing = 0;
			shellPath = /bin/sh;
			shellScript = "\"${SRCROOT}/Pods/Target Support Files/Pods-masamon/Pods-masamon-resources.sh\"\n";
			showEnvVarsInLog = 0;
		};
		C4617B4701E76F1597B4125B /* [CP] Embed Pods Frameworks */ = {
			isa = PBXShellScriptBuildPhase;
			buildActionMask = 2147483647;
			files = (
			);
			inputPaths = (
				"${SRCROOT}/Pods/Target Support Files/Pods-masamon/Pods-masamon-frameworks.sh",
				"${BUILT_PRODUCTS_DIR}/Eureka/Eureka.framework",
				"${BUILT_PRODUCTS_DIR}/KeychainAccess/KeychainAccess.framework",
				"${BUILT_PRODUCTS_DIR}/Realm/Realm.framework",
				"${BUILT_PRODUCTS_DIR}/RealmSwift/RealmSwift.framework",
			);
			name = "[CP] Embed Pods Frameworks";
			outputPaths = (
				"${TARGET_BUILD_DIR}/${FRAMEWORKS_FOLDER_PATH}/Eureka.framework",
				"${TARGET_BUILD_DIR}/${FRAMEWORKS_FOLDER_PATH}/KeychainAccess.framework",
				"${TARGET_BUILD_DIR}/${FRAMEWORKS_FOLDER_PATH}/Realm.framework",
				"${TARGET_BUILD_DIR}/${FRAMEWORKS_FOLDER_PATH}/RealmSwift.framework",
			);
			runOnlyForDeploymentPostprocessing = 0;
			shellPath = /bin/sh;
			shellScript = "\"${SRCROOT}/Pods/Target Support Files/Pods-masamon/Pods-masamon-frameworks.sh\"\n";
			showEnvVarsInLog = 0;
		};
/* End PBXShellScriptBuildPhase section */

/* Begin PBXSourcesBuildPhase section */
		370ACDF31BDF486600AB73EB /* Sources */ = {
			isa = PBXSourcesBuildPhase;
			buildActionMask = 2147483647;
			files = (
				37C8B2401CD4E29D001E3766 /* OriginUITabBarController.swift in Sources */,
				3726B39A1C30009700F22F34 /* CalenderViewController.swift in Sources */,
				379955951C14431F00BAAD9E /* XLSXmethod.swift in Sources */,
				370ACE4A1BDF9C8A00AB73EB /* DBmethod.swift in Sources */,
				37526DD21CDC4ECB00F180DA /* FileBrowse.swift in Sources */,
				370ACDFD1BDF486700AB73EB /* MonthlySalaryShow.swift in Sources */,
				373C10EB1C5E049D0082CB8E /* StaffNameListSetting.swift in Sources */,
				371D62441D5EE79500057416 /* PDFmethod.swift in Sources */,
				371DE5151C5DBD4D0058F73B /* Setting.swift in Sources */,
				376C92D61BE695D000D45FC2 /* extentions.swift in Sources */,
				370ACE441BDF573500AB73EB /* DB.swift in Sources */,
				373C10EF1C5E04D10082CB8E /* ShiftNameListSetting.swift in Sources */,
				37A76F9B1D6A28AA00ED7AEA /* Maintenance.swift in Sources */,
				371432A81BE98F060088CDCC /* ShiftImport.swift in Sources */,
				37D4B3101BE0F59900F06759 /* HourlyWageSetting.swift in Sources */,
				373C10F11C5E05010082CB8E /* ShiftListSetting.swift in Sources */,
				37A6F9BE1CDE66FA004863FE /* ShiftImportSetting.swift in Sources */,
				3721B1171C51499D0002A373 /* Utility.swift in Sources */,
				377D2DBB1C37EFE6009CC388 /* FileBrowseSelect.swift in Sources */,
				370ACDFB1BDF486700AB73EB /* AppDelegate.swift in Sources */,
			);
			runOnlyForDeploymentPostprocessing = 0;
		};
/* End PBXSourcesBuildPhase section */

/* Begin PBXTargetDependency section */
		3742AF921C130494003AB33B /* PBXTargetDependency */ = {
			isa = PBXTargetDependency;
			name = XlsxReaderWriter;
			targetProxy = 3742AF911C130494003AB33B /* PBXContainerItemProxy */;
		};
/* End PBXTargetDependency section */

/* Begin PBXVariantGroup section */
		370ACDFE1BDF486700AB73EB /* Main.storyboard */ = {
			isa = PBXVariantGroup;
			children = (
				370ACDFF1BDF486700AB73EB /* Base */,
				37CB96FE1C40569400171B76 /* ja */,
			);
			name = Main.storyboard;
			sourceTree = "<group>";
		};
		370ACE031BDF486700AB73EB /* LaunchScreen.storyboard */ = {
			isa = PBXVariantGroup;
			children = (
				370ACE041BDF486700AB73EB /* Base */,
				37CB96FF1C40569400171B76 /* ja */,
			);
			name = LaunchScreen.storyboard;
			sourceTree = "<group>";
		};
/* End PBXVariantGroup section */

/* Begin XCBuildConfiguration section */
		370ACE1D1BDF486700AB73EB /* Debug */ = {
			isa = XCBuildConfiguration;
			buildSettings = {
				ALWAYS_SEARCH_USER_PATHS = NO;
				CLANG_ANALYZER_LOCALIZABILITY_NONLOCALIZED = YES;
				CLANG_CXX_LANGUAGE_STANDARD = "gnu++0x";
				CLANG_CXX_LIBRARY = "libc++";
				CLANG_ENABLE_MODULES = YES;
				CLANG_ENABLE_OBJC_ARC = YES;
				CLANG_WARN_BLOCK_CAPTURE_AUTORELEASING = YES;
				CLANG_WARN_BOOL_CONVERSION = YES;
				CLANG_WARN_COMMA = YES;
				CLANG_WARN_CONSTANT_CONVERSION = YES;
				CLANG_WARN_DIRECT_OBJC_ISA_USAGE = YES_ERROR;
				CLANG_WARN_EMPTY_BODY = YES;
				CLANG_WARN_ENUM_CONVERSION = YES;
				CLANG_WARN_INFINITE_RECURSION = YES;
				CLANG_WARN_INT_CONVERSION = YES;
				CLANG_WARN_NON_LITERAL_NULL_CONVERSION = YES;
				CLANG_WARN_OBJC_LITERAL_CONVERSION = YES;
				CLANG_WARN_OBJC_ROOT_CLASS = YES_ERROR;
				CLANG_WARN_RANGE_LOOP_ANALYSIS = YES;
				CLANG_WARN_STRICT_PROTOTYPES = YES;
				CLANG_WARN_SUSPICIOUS_MOVE = YES;
				CLANG_WARN_UNREACHABLE_CODE = YES;
				CLANG_WARN__DUPLICATE_METHOD_MATCH = YES;
				"CODE_SIGN_IDENTITY[sdk=iphoneos*]" = "iPhone Developer";
				COPY_PHASE_STRIP = NO;
				DEBUG_INFORMATION_FORMAT = "dwarf-with-dsym";
				ENABLE_STRICT_OBJC_MSGSEND = YES;
				ENABLE_TESTABILITY = YES;
				GCC_C_LANGUAGE_STANDARD = gnu99;
				GCC_DYNAMIC_NO_PIC = NO;
				GCC_NO_COMMON_BLOCKS = YES;
				GCC_OPTIMIZATION_LEVEL = 0;
				GCC_PREPROCESSOR_DEFINITIONS = (
					"DEBUG=1",
					"$(inherited)",
				);
				GCC_WARN_64_TO_32_BIT_CONVERSION = YES;
				GCC_WARN_ABOUT_RETURN_TYPE = YES_ERROR;
				GCC_WARN_UNDECLARED_SELECTOR = YES;
				GCC_WARN_UNINITIALIZED_AUTOS = YES_AGGRESSIVE;
				GCC_WARN_UNUSED_FUNCTION = YES;
				GCC_WARN_UNUSED_VARIABLE = YES;
				IPHONEOS_DEPLOYMENT_TARGET = 11.2;
				MTL_ENABLE_DEBUG_INFO = YES;
				ONLY_ACTIVE_ARCH = YES;
				SDKROOT = iphoneos;
				SWIFT_OBJC_BRIDGING_HEADER = "/Users/Kenta/Documents/swift_workspace/まさもん/masamon/masamon-Bridging-Header.h";
				SWIFT_OPTIMIZATION_LEVEL = "-Onone";
				USER_HEADER_SEARCH_PATHS = "\"/Users/Kenta/Documents/swift_workspace/まさもん/masamon/XlsxReaderWriter-master\"/**";
			};
			name = Debug;
		};
		370ACE1E1BDF486700AB73EB /* Release */ = {
			isa = XCBuildConfiguration;
			buildSettings = {
				ALWAYS_SEARCH_USER_PATHS = NO;
				CLANG_ANALYZER_LOCALIZABILITY_NONLOCALIZED = YES;
				CLANG_CXX_LANGUAGE_STANDARD = "gnu++0x";
				CLANG_CXX_LIBRARY = "libc++";
				CLANG_ENABLE_MODULES = YES;
				CLANG_ENABLE_OBJC_ARC = YES;
				CLANG_WARN_BLOCK_CAPTURE_AUTORELEASING = YES;
				CLANG_WARN_BOOL_CONVERSION = YES;
				CLANG_WARN_COMMA = YES;
				CLANG_WARN_CONSTANT_CONVERSION = YES;
				CLANG_WARN_DIRECT_OBJC_ISA_USAGE = YES_ERROR;
				CLANG_WARN_EMPTY_BODY = YES;
				CLANG_WARN_ENUM_CONVERSION = YES;
				CLANG_WARN_INFINITE_RECURSION = YES;
				CLANG_WARN_INT_CONVERSION = YES;
				CLANG_WARN_NON_LITERAL_NULL_CONVERSION = YES;
				CLANG_WARN_OBJC_LITERAL_CONVERSION = YES;
				CLANG_WARN_OBJC_ROOT_CLASS = YES_ERROR;
				CLANG_WARN_RANGE_LOOP_ANALYSIS = YES;
				CLANG_WARN_STRICT_PROTOTYPES = YES;
				CLANG_WARN_SUSPICIOUS_MOVE = YES;
				CLANG_WARN_UNREACHABLE_CODE = YES;
				CLANG_WARN__DUPLICATE_METHOD_MATCH = YES;
				"CODE_SIGN_IDENTITY[sdk=iphoneos*]" = "iPhone Developer";
				COPY_PHASE_STRIP = NO;
				DEBUG_INFORMATION_FORMAT = "dwarf-with-dsym";
				ENABLE_NS_ASSERTIONS = NO;
				ENABLE_STRICT_OBJC_MSGSEND = YES;
				GCC_C_LANGUAGE_STANDARD = gnu99;
				GCC_NO_COMMON_BLOCKS = YES;
				GCC_WARN_64_TO_32_BIT_CONVERSION = YES;
				GCC_WARN_ABOUT_RETURN_TYPE = YES_ERROR;
				GCC_WARN_UNDECLARED_SELECTOR = YES;
				GCC_WARN_UNINITIALIZED_AUTOS = YES_AGGRESSIVE;
				GCC_WARN_UNUSED_FUNCTION = YES;
				GCC_WARN_UNUSED_VARIABLE = YES;
				IPHONEOS_DEPLOYMENT_TARGET = 11.2;
				MTL_ENABLE_DEBUG_INFO = NO;
				SDKROOT = iphoneos;
				SWIFT_OBJC_BRIDGING_HEADER = "/Users/Kenta/Documents/swift_workspace/まさもん/masamon/masamon-Bridging-Header.h";
				SWIFT_OPTIMIZATION_LEVEL = "-Owholemodule";
				USER_HEADER_SEARCH_PATHS = "\"/Users/Kenta/Documents/swift_workspace/まさもん/masamon/XlsxReaderWriter-master\"/**";
				VALIDATE_PRODUCT = YES;
			};
			name = Release;
		};
		370ACE201BDF486700AB73EB /* Debug */ = {
			isa = XCBuildConfiguration;
			baseConfigurationReference = B54718201B4AD485E835042F /* Pods-masamon.debug.xcconfig */;
			buildSettings = {
				ASSETCATALOG_COMPILER_APPICON_NAME = AppIcon;
				CODE_SIGN_IDENTITY = "iPhone Developer";
				DEBUG_INFORMATION_FORMAT = "dwarf-with-dsym";
				DEVELOPMENT_TEAM = TLVYAZUQZL;
				ENABLE_BITCODE = NO;
				FRAMEWORK_SEARCH_PATHS = (
					"$(SRCROOT)/",
					"$(PROJECT_DIR)/TET/TET_ios",
					"$(PROJECT_DIR)",
					"$(inherited)",
				);
				INFOPLIST_FILE = masamon/Info.plist;
				IPHONEOS_DEPLOYMENT_TARGET = 11.2;
				LD_RUNPATH_SEARCH_PATHS = "$(inherited) @executable_path/Frameworks";
				OTHER_LDFLAGS = (
					"-all_load",
					"$(inherited)",
				);
				PRODUCT_BUNDLE_IDENTIFIER = com.Kenta.masamon;
				PRODUCT_NAME = "$(TARGET_NAME)";
				SWIFT_OBJC_BRIDGING_HEADER = "/Users/Kenta/Documents/swift_workspace/まさもん/masamon/masamon-Bridging-Header.h";
				SWIFT_SWIFT3_OBJC_INFERENCE = On;
				SWIFT_VERSION = 4.0;
				TARGETED_DEVICE_FAMILY = 1;
				USER_HEADER_SEARCH_PATHS = "\"/Users/Kenta/Documents/swift_workspace/まさもん/masamon/XlsxReaderWriter-master\"/**";
			};
			name = Debug;
		};
		370ACE211BDF486700AB73EB /* Release */ = {
			isa = XCBuildConfiguration;
			baseConfigurationReference = 97ECC2764EE614BF6022FAAD /* Pods-masamon.release.xcconfig */;
			buildSettings = {
				ASSETCATALOG_COMPILER_APPICON_NAME = AppIcon;
				CODE_SIGN_IDENTITY = "iPhone Developer";
				DEBUG_INFORMATION_FORMAT = "dwarf-with-dsym";
				DEVELOPMENT_TEAM = TLVYAZUQZL;
				ENABLE_BITCODE = NO;
				FRAMEWORK_SEARCH_PATHS = (
					"$(SRCROOT)/",
					"$(PROJECT_DIR)/TET/TET_ios",
					"$(PROJECT_DIR)",
					"$(inherited)",
				);
				INFOPLIST_FILE = masamon/Info.plist;
				IPHONEOS_DEPLOYMENT_TARGET = 11.2;
				LD_RUNPATH_SEARCH_PATHS = "$(inherited) @executable_path/Frameworks";
				OTHER_LDFLAGS = (
					"-all_load",
					"$(inherited)",
				);
				PRODUCT_BUNDLE_IDENTIFIER = com.Kenta.masamon;
				PRODUCT_NAME = "$(TARGET_NAME)";
				SWIFT_OBJC_BRIDGING_HEADER = "/Users/Kenta/Documents/swift_workspace/まさもん/masamon/masamon-Bridging-Header.h";
				SWIFT_SWIFT3_OBJC_INFERENCE = On;
				SWIFT_VERSION = 4.0;
				TARGETED_DEVICE_FAMILY = 1;
				USER_HEADER_SEARCH_PATHS = "\"/Users/Kenta/Documents/swift_workspace/まさもん/masamon/XlsxReaderWriter-master\"/**";
			};
			name = Release;
		};
/* End XCBuildConfiguration section */

/* Begin XCConfigurationList section */
		370ACDF21BDF486600AB73EB /* Build configuration list for PBXProject "masamon" */ = {
			isa = XCConfigurationList;
			buildConfigurations = (
				370ACE1D1BDF486700AB73EB /* Debug */,
				370ACE1E1BDF486700AB73EB /* Release */,
			);
			defaultConfigurationIsVisible = 0;
			defaultConfigurationName = Release;
		};
		370ACE1F1BDF486700AB73EB /* Build configuration list for PBXNativeTarget "masamon" */ = {
			isa = XCConfigurationList;
			buildConfigurations = (
				370ACE201BDF486700AB73EB /* Debug */,
				370ACE211BDF486700AB73EB /* Release */,
			);
			defaultConfigurationIsVisible = 0;
			defaultConfigurationName = Release;
		};
/* End XCConfigurationList section */
	};
	rootObject = 370ACDEF1BDF486600AB73EB /* Project object */;
}
